// !$*UTF8*$!
{
	archiveVersion = 1;
	classes = {
	};
	objectVersion = 77;
	objects = {

/* Begin PBXBuildFile section */
		BF5FA90B2CB7355500F8F94A /* BTree in Frameworks */ = {isa = PBXBuildFile; productRef = BF5FA90A2CB7355500F8F94A /* BTree */; };
		BF9A1C922CB67B1C00FCEA2B /* libaom.3.dylib in Frameworks */ = {isa = PBXBuildFile; fileRef = BF41D44D2CB5F03900768330 /* libaom.3.dylib */; };
		BF9A1C932CB67B1C00FCEA2B /* libarchive.13.dylib in Frameworks */ = {isa = PBXBuildFile; fileRef = BF41D44E2CB5F03900768330 /* libarchive.13.dylib */; };
		BF9A1C942CB67B1C00FCEA2B /* libaribb24.0.dylib in Frameworks */ = {isa = PBXBuildFile; fileRef = BF41D44F2CB5F03900768330 /* libaribb24.0.dylib */; };
		BF9A1C952CB67B1C00FCEA2B /* libass.9.dylib in Frameworks */ = {isa = PBXBuildFile; fileRef = BF41D4502CB5F03900768330 /* libass.9.dylib */; };
		BF9A1C962CB67B1C00FCEA2B /* libavcodec.61.dylib in Frameworks */ = {isa = PBXBuildFile; fileRef = BF41D4512CB5F03900768330 /* libavcodec.61.dylib */; };
		BF9A1C972CB67B1C00FCEA2B /* libavdevice.61.dylib in Frameworks */ = {isa = PBXBuildFile; fileRef = BF41D4522CB5F03900768330 /* libavdevice.61.dylib */; };
		BF9A1C982CB67B1C00FCEA2B /* libavfilter.10.dylib in Frameworks */ = {isa = PBXBuildFile; fileRef = BF41D4532CB5F03900768330 /* libavfilter.10.dylib */; };
		BF9A1C992CB67B1C00FCEA2B /* libavformat.61.dylib in Frameworks */ = {isa = PBXBuildFile; fileRef = BF41D4542CB5F03900768330 /* libavformat.61.dylib */; };
		BF9A1C9A2CB67B1C00FCEA2B /* libavutil.59.dylib in Frameworks */ = {isa = PBXBuildFile; fileRef = BF41D4552CB5F03900768330 /* libavutil.59.dylib */; };
		BF9A1C9B2CB67B1C00FCEA2B /* libb2.1.dylib in Frameworks */ = {isa = PBXBuildFile; fileRef = BF41D4562CB5F03900768330 /* libb2.1.dylib */; };
		BF9A1C9C2CB67B1C00FCEA2B /* libbluray.2.dylib in Frameworks */ = {isa = PBXBuildFile; fileRef = BF41D4572CB5F03900768330 /* libbluray.2.dylib */; };
		BF9A1C9D2CB67B1C00FCEA2B /* libbrotlicommon.1.dylib in Frameworks */ = {isa = PBXBuildFile; fileRef = BF41D4582CB5F03900768330 /* libbrotlicommon.1.dylib */; };
		BF9A1C9E2CB67B1C00FCEA2B /* libbrotlidec.1.dylib in Frameworks */ = {isa = PBXBuildFile; fileRef = BF41D4592CB5F03900768330 /* libbrotlidec.1.dylib */; };
		BF9A1C9F2CB67B1C00FCEA2B /* libbrotlienc.1.dylib in Frameworks */ = {isa = PBXBuildFile; fileRef = BF41D45A2CB5F03900768330 /* libbrotlienc.1.dylib */; };
		BF9A1CA02CB67B1C00FCEA2B /* libcjson.1.dylib in Frameworks */ = {isa = PBXBuildFile; fileRef = BF41D45B2CB5F03900768330 /* libcjson.1.dylib */; };
		BF9A1CA12CB67B1C00FCEA2B /* libcrypto.3.dylib in Frameworks */ = {isa = PBXBuildFile; fileRef = BF41D45C2CB5F03900768330 /* libcrypto.3.dylib */; };
		BF9A1CA22CB67B1C00FCEA2B /* libdav1d.7.dylib in Frameworks */ = {isa = PBXBuildFile; fileRef = BF41D45D2CB5F03900768330 /* libdav1d.7.dylib */; };
		BF9A1CA32CB67B1C00FCEA2B /* libfontconfig.1.dylib in Frameworks */ = {isa = PBXBuildFile; fileRef = BF41D45E2CB5F03900768330 /* libfontconfig.1.dylib */; };
		BF9A1CA42CB67B1C00FCEA2B /* libfreetype.6.dylib in Frameworks */ = {isa = PBXBuildFile; fileRef = BF41D45F2CB5F03900768330 /* libfreetype.6.dylib */; };
		BF9A1CA52CB67B1C00FCEA2B /* libfribidi.0.dylib in Frameworks */ = {isa = PBXBuildFile; fileRef = BF41D4602CB5F03900768330 /* libfribidi.0.dylib */; };
		BF9A1CA62CB67B1C00FCEA2B /* libgif.dylib in Frameworks */ = {isa = PBXBuildFile; fileRef = BF41D4612CB5F03900768330 /* libgif.dylib */; };
		BF9A1CA72CB67B1C00FCEA2B /* libglib-2.0.0.dylib in Frameworks */ = {isa = PBXBuildFile; fileRef = BF41D4622CB5F03900768330 /* libglib-2.0.0.dylib */; };
		BF9A1CA82CB67B1C00FCEA2B /* libgmp.10.dylib in Frameworks */ = {isa = PBXBuildFile; fileRef = BF41D4632CB5F03900768330 /* libgmp.10.dylib */; };
		BF9A1CA92CB67B1C00FCEA2B /* libgnutls.30.dylib in Frameworks */ = {isa = PBXBuildFile; fileRef = BF41D4642CB5F03900768330 /* libgnutls.30.dylib */; };
		BF9A1CAA2CB67B1C00FCEA2B /* libgraphite2.3.dylib in Frameworks */ = {isa = PBXBuildFile; fileRef = BF41D4652CB5F03900768330 /* libgraphite2.3.dylib */; };
		BF9A1CAB2CB67B1C00FCEA2B /* libharfbuzz.0.dylib in Frameworks */ = {isa = PBXBuildFile; fileRef = BF41D4662CB5F03900768330 /* libharfbuzz.0.dylib */; };
		BF9A1CAC2CB67B1C00FCEA2B /* libhogweed.6.dylib in Frameworks */ = {isa = PBXBuildFile; fileRef = BF41D4672CB5F03900768330 /* libhogweed.6.dylib */; };
		BF9A1CAD2CB67B1C00FCEA2B /* libhwy.1.dylib in Frameworks */ = {isa = PBXBuildFile; fileRef = BF41D4682CB5F03900768330 /* libhwy.1.dylib */; };
		BF9A1CAE2CB67B1C00FCEA2B /* libidn2.0.dylib in Frameworks */ = {isa = PBXBuildFile; fileRef = BF41D4692CB5F03900768330 /* libidn2.0.dylib */; };
		BF9A1CAF2CB67B1C00FCEA2B /* libintl.8.dylib in Frameworks */ = {isa = PBXBuildFile; fileRef = BF41D46A2CB5F03900768330 /* libintl.8.dylib */; };
		BF9A1CB02CB67B1C00FCEA2B /* libjpeg.8.dylib in Frameworks */ = {isa = PBXBuildFile; fileRef = BF41D46B2CB5F03900768330 /* libjpeg.8.dylib */; };
		BF9A1CB12CB67B1C00FCEA2B /* libjxl_cms.0.11.dylib in Frameworks */ = {isa = PBXBuildFile; fileRef = BF41D46C2CB5F03900768330 /* libjxl_cms.0.11.dylib */; };
		BF9A1CB22CB67B1C00FCEA2B /* libjxl_threads.0.11.dylib in Frameworks */ = {isa = PBXBuildFile; fileRef = BF41D46D2CB5F03900768330 /* libjxl_threads.0.11.dylib */; };
		BF9A1CB32CB67B1C00FCEA2B /* libjxl.0.11.dylib in Frameworks */ = {isa = PBXBuildFile; fileRef = BF41D46E2CB5F03900768330 /* libjxl.0.11.dylib */; };
		BF9A1CB42CB67B1C00FCEA2B /* liblcms2.2.dylib in Frameworks */ = {isa = PBXBuildFile; fileRef = BF41D46F2CB5F03900768330 /* liblcms2.2.dylib */; };
		BF9A1CB52CB67B1C00FCEA2B /* libleptonica.6.dylib in Frameworks */ = {isa = PBXBuildFile; fileRef = BF41D4702CB5F03900768330 /* libleptonica.6.dylib */; };
		BF9A1CB62CB67B1C00FCEA2B /* liblz4.1.dylib in Frameworks */ = {isa = PBXBuildFile; fileRef = BF41D4712CB5F03900768330 /* liblz4.1.dylib */; };
		BF9A1CB72CB67B1C00FCEA2B /* liblzma.5.dylib in Frameworks */ = {isa = PBXBuildFile; fileRef = BF41D4722CB5F03900768330 /* liblzma.5.dylib */; };
		BF9A1CB82CB67B1C00FCEA2B /* libmbedcrypto.16.dylib in Frameworks */ = {isa = PBXBuildFile; fileRef = BF41D4732CB5F03900768330 /* libmbedcrypto.16.dylib */; };
		BF9A1CB92CB67B1C00FCEA2B /* libmp3lame.0.dylib in Frameworks */ = {isa = PBXBuildFile; fileRef = BF41D4742CB5F03900768330 /* libmp3lame.0.dylib */; };
		BF9A1CBA2CB67B1C00FCEA2B /* libmpv.2.dylib in Frameworks */ = {isa = PBXBuildFile; fileRef = BF41D4752CB5F03900768330 /* libmpv.2.dylib */; };
		BF9A1CBB2CB67B1C00FCEA2B /* libnettle.8.dylib in Frameworks */ = {isa = PBXBuildFile; fileRef = BF41D4762CB5F03900768330 /* libnettle.8.dylib */; };
		BF9A1CBC2CB67B1C00FCEA2B /* libogg.0.dylib in Frameworks */ = {isa = PBXBuildFile; fileRef = BF41D4772CB5F03900768330 /* libogg.0.dylib */; };
		BF9A1CBD2CB67B1C00FCEA2B /* libopencore-amrnb.0.dylib in Frameworks */ = {isa = PBXBuildFile; fileRef = BF41D4782CB5F03900768330 /* libopencore-amrnb.0.dylib */; };
		BF9A1CBE2CB67B1C00FCEA2B /* libopencore-amrwb.0.dylib in Frameworks */ = {isa = PBXBuildFile; fileRef = BF41D4792CB5F03900768330 /* libopencore-amrwb.0.dylib */; };
		BF9A1CBF2CB67B1C00FCEA2B /* libopenjp2.7.dylib in Frameworks */ = {isa = PBXBuildFile; fileRef = BF41D47A2CB5F03900768330 /* libopenjp2.7.dylib */; };
		BF9A1CC02CB67B1C00FCEA2B /* libopus.0.dylib in Frameworks */ = {isa = PBXBuildFile; fileRef = BF41D47B2CB5F03900768330 /* libopus.0.dylib */; };
		BF9A1CC12CB67B1C00FCEA2B /* libp11-kit.0.dylib in Frameworks */ = {isa = PBXBuildFile; fileRef = BF41D47C2CB5F03900768330 /* libp11-kit.0.dylib */; };
		BF9A1CC22CB67B1C00FCEA2B /* libpcre2-8.0.dylib in Frameworks */ = {isa = PBXBuildFile; fileRef = BF41D47D2CB5F03900768330 /* libpcre2-8.0.dylib */; };
		BF9A1CC32CB67B1C00FCEA2B /* libplacebo.349.dylib in Frameworks */ = {isa = PBXBuildFile; fileRef = BF41D47E2CB5F03900768330 /* libplacebo.349.dylib */; };
		BF9A1CC42CB67B1C00FCEA2B /* libpng16.16.dylib in Frameworks */ = {isa = PBXBuildFile; fileRef = BF41D47F2CB5F03900768330 /* libpng16.16.dylib */; };
		BF9A1CC52CB67B1C00FCEA2B /* libpostproc.58.dylib in Frameworks */ = {isa = PBXBuildFile; fileRef = BF41D4802CB5F03900768330 /* libpostproc.58.dylib */; };
		BF9A1CC62CB67B1C00FCEA2B /* librav1e.0.7.dylib in Frameworks */ = {isa = PBXBuildFile; fileRef = BF41D4812CB5F03900768330 /* librav1e.0.7.dylib */; };
		BF9A1CC72CB67B1C00FCEA2B /* librist.4.dylib in Frameworks */ = {isa = PBXBuildFile; fileRef = BF41D4822CB5F03900768330 /* librist.4.dylib */; };
		BF9A1CC82CB67B1C00FCEA2B /* librubberband.2.dylib in Frameworks */ = {isa = PBXBuildFile; fileRef = BF41D4832CB5F03900768330 /* librubberband.2.dylib */; };
		BF9A1CC92CB67B1C00FCEA2B /* libsamplerate.0.dylib in Frameworks */ = {isa = PBXBuildFile; fileRef = BF41D4842CB5F03900768330 /* libsamplerate.0.dylib */; };
		BF9A1CCA2CB67B1C00FCEA2B /* libSDL2-2.0.0.dylib in Frameworks */ = {isa = PBXBuildFile; fileRef = BF41D4852CB5F03900768330 /* libSDL2-2.0.0.dylib */; };
		BF9A1CCB2CB67B1C00FCEA2B /* libshaderc_shared.1.dylib in Frameworks */ = {isa = PBXBuildFile; fileRef = BF41D4862CB5F03900768330 /* libshaderc_shared.1.dylib */; };
		BF9A1CCC2CB67B1C00FCEA2B /* libsharpyuv.0.dylib in Frameworks */ = {isa = PBXBuildFile; fileRef = BF41D4872CB5F03900768330 /* libsharpyuv.0.dylib */; };
		BF9A1CCD2CB67B1C00FCEA2B /* libsnappy.1.dylib in Frameworks */ = {isa = PBXBuildFile; fileRef = BF43A86F2CB5F7D40027D95C /* libsnappy.1.dylib */; };
		BF9A1CCE2CB67B1C00FCEA2B /* libsodium.26.dylib in Frameworks */ = {isa = PBXBuildFile; fileRef = BF43A8672CB5F7D40027D95C /* libsodium.26.dylib */; };
		BF9A1CCF2CB67B1C00FCEA2B /* libsoxr.0.dylib in Frameworks */ = {isa = PBXBuildFile; fileRef = BF43A8682CB5F7D40027D95C /* libsoxr.0.dylib */; };
		BF9A1CD02CB67B1C00FCEA2B /* libspeex.1.dylib in Frameworks */ = {isa = PBXBuildFile; fileRef = BF43A85D2CB5F7D40027D95C /* libspeex.1.dylib */; };
		BF9A1CD12CB67B1C00FCEA2B /* libsrt.1.5.dylib in Frameworks */ = {isa = PBXBuildFile; fileRef = BF43A85E2CB5F7D40027D95C /* libsrt.1.5.dylib */; };
		BF9A1CD22CB67B1C00FCEA2B /* libssh.4.dylib in Frameworks */ = {isa = PBXBuildFile; fileRef = BF43A8562CB5F7D30027D95C /* libssh.4.dylib */; };
		BF9A1CD32CB67B1C00FCEA2B /* libssl.3.dylib in Frameworks */ = {isa = PBXBuildFile; fileRef = BF43A8712CB5F7D40027D95C /* libssl.3.dylib */; };
		BF9A1CD42CB67B1C00FCEA2B /* libSvtAv1Enc.2.dylib in Frameworks */ = {isa = PBXBuildFile; fileRef = BF43A8762CB5F7D40027D95C /* libSvtAv1Enc.2.dylib */; };
		BF9A1CD52CB67B1C00FCEA2B /* libswresample.5.dylib in Frameworks */ = {isa = PBXBuildFile; fileRef = BF43A8642CB5F7D40027D95C /* libswresample.5.dylib */; };
		BF9A1CD62CB67B1C00FCEA2B /* libswscale.8.dylib in Frameworks */ = {isa = PBXBuildFile; fileRef = BF43A8722CB5F7D40027D95C /* libswscale.8.dylib */; };
		BF9A1CD72CB67B1C00FCEA2B /* libtasn1.6.dylib in Frameworks */ = {isa = PBXBuildFile; fileRef = BF43A8692CB5F7D40027D95C /* libtasn1.6.dylib */; };
		BF9A1CD82CB67B1C00FCEA2B /* libtesseract.5.dylib in Frameworks */ = {isa = PBXBuildFile; fileRef = BF43A86D2CB5F7D40027D95C /* libtesseract.5.dylib */; };
		BF9A1CD92CB67B1C00FCEA2B /* libtheoradec.1.dylib in Frameworks */ = {isa = PBXBuildFile; fileRef = BF43A8772CB5F7D40027D95C /* libtheoradec.1.dylib */; };
		BF9A1CDA2CB67B1C00FCEA2B /* libtheoraenc.1.dylib in Frameworks */ = {isa = PBXBuildFile; fileRef = BF43A85F2CB5F7D40027D95C /* libtheoraenc.1.dylib */; };
		BF9A1CDB2CB67B1C00FCEA2B /* libtiff.6.dylib in Frameworks */ = {isa = PBXBuildFile; fileRef = BF43A85A2CB5F7D30027D95C /* libtiff.6.dylib */; };
		BF9A1CDC2CB67B1C00FCEA2B /* libuchardet.0.dylib in Frameworks */ = {isa = PBXBuildFile; fileRef = BF43A8792CB5F7D50027D95C /* libuchardet.0.dylib */; };
		BF9A1CDD2CB67B1C00FCEA2B /* libunibreak.6.dylib in Frameworks */ = {isa = PBXBuildFile; fileRef = BF43A8592CB5F7D30027D95C /* libunibreak.6.dylib */; };
		BF9A1CDE2CB67B1C00FCEA2B /* libunistring.5.dylib in Frameworks */ = {isa = PBXBuildFile; fileRef = BF43A85B2CB5F7D30027D95C /* libunistring.5.dylib */; };
		BF9A1CDF2CB67B1C00FCEA2B /* libvidstab.1.2.dylib in Frameworks */ = {isa = PBXBuildFile; fileRef = BF43A8662CB5F7D40027D95C /* libvidstab.1.2.dylib */; };
		BF9A1CE02CB67B1C00FCEA2B /* libvmaf.3.dylib in Frameworks */ = {isa = PBXBuildFile; fileRef = BF43A8702CB5F7D40027D95C /* libvmaf.3.dylib */; };
		BF9A1CE12CB67B1C00FCEA2B /* libvorbis.0.dylib in Frameworks */ = {isa = PBXBuildFile; fileRef = BF43A8742CB5F7D40027D95C /* libvorbis.0.dylib */; };
		BF9A1CE22CB67B1C00FCEA2B /* libvorbisenc.2.dylib in Frameworks */ = {isa = PBXBuildFile; fileRef = BF43A85C2CB5F7D30027D95C /* libvorbisenc.2.dylib */; };
		BF9A1CE32CB67B1C00FCEA2B /* libvpx.8.dylib in Frameworks */ = {isa = PBXBuildFile; fileRef = BF43A86A2CB5F7D40027D95C /* libvpx.8.dylib */; };
		BF9A1CE42CB67B1C00FCEA2B /* libvulkan.1.dylib in Frameworks */ = {isa = PBXBuildFile; fileRef = BF43A8782CB5F7D50027D95C /* libvulkan.1.dylib */; };
		BF9A1CE52CB67B1C00FCEA2B /* libwebp.7.dylib in Frameworks */ = {isa = PBXBuildFile; fileRef = BF43A8612CB5F7D40027D95C /* libwebp.7.dylib */; };
		BF9A1CE62CB67B1C00FCEA2B /* libwebpmux.3.dylib in Frameworks */ = {isa = PBXBuildFile; fileRef = BF43A8542CB5F7D30027D95C /* libwebpmux.3.dylib */; };
		BF9A1CE72CB67B1C00FCEA2B /* libX11.6.dylib in Frameworks */ = {isa = PBXBuildFile; fileRef = BF43A8732CB5F7D40027D95C /* libX11.6.dylib */; };
		BF9A1CE82CB67B1C00FCEA2B /* libx264.164.dylib in Frameworks */ = {isa = PBXBuildFile; fileRef = BF43A8552CB5F7D30027D95C /* libx264.164.dylib */; };
		BF9A1CE92CB67B1C00FCEA2B /* libx265.209.dylib in Frameworks */ = {isa = PBXBuildFile; fileRef = BF43A8632CB5F7D40027D95C /* libx265.209.dylib */; };
		BF9A1CEA2CB67B1C00FCEA2B /* libXau.6.dylib in Frameworks */ = {isa = PBXBuildFile; fileRef = BF43A86C2CB5F7D40027D95C /* libXau.6.dylib */; };
		BF9A1CEB2CB67B1C00FCEA2B /* libxcb-shape.0.dylib in Frameworks */ = {isa = PBXBuildFile; fileRef = BF43A8622CB5F7D40027D95C /* libxcb-shape.0.dylib */; };
		BF9A1CEC2CB67B1C00FCEA2B /* libxcb-shm.0.dylib in Frameworks */ = {isa = PBXBuildFile; fileRef = BF43A8652CB5F7D40027D95C /* libxcb-shm.0.dylib */; };
		BF9A1CED2CB67B1C00FCEA2B /* libxcb-xfixes.0.dylib in Frameworks */ = {isa = PBXBuildFile; fileRef = BF43A86B2CB5F7D40027D95C /* libxcb-xfixes.0.dylib */; };
		BF9A1CEE2CB67B1C00FCEA2B /* libxcb.1.dylib in Frameworks */ = {isa = PBXBuildFile; fileRef = BF43A8572CB5F7D30027D95C /* libxcb.1.dylib */; };
		BF9A1CEF2CB67B1C00FCEA2B /* libXdmcp.6.dylib in Frameworks */ = {isa = PBXBuildFile; fileRef = BF43A8602CB5F7D40027D95C /* libXdmcp.6.dylib */; };
		BF9A1CF02CB67B1C00FCEA2B /* libzimg.2.dylib in Frameworks */ = {isa = PBXBuildFile; fileRef = BF43A86E2CB5F7D40027D95C /* libzimg.2.dylib */; };
		BF9A1CF12CB67B1C00FCEA2B /* libzmq.5.dylib in Frameworks */ = {isa = PBXBuildFile; fileRef = BF43A8582CB5F7D30027D95C /* libzmq.5.dylib */; };
		BF9A1CF22CB67B1C00FCEA2B /* libzstd.1.dylib in Frameworks */ = {isa = PBXBuildFile; fileRef = BF43A8752CB5F7D40027D95C /* libzstd.1.dylib */; };
		BF9A1E8B2CB67BBA00FCEA2B /* libsnappy.1.dylib in Copy Dylibs */ = {isa = PBXBuildFile; fileRef = BF43A86F2CB5F7D40027D95C /* libsnappy.1.dylib */; settings = {ATTRIBUTES = (CodeSignOnCopy, ); }; };
		BF9A1E8C2CB67BBA00FCEA2B /* libsodium.26.dylib in Copy Dylibs */ = {isa = PBXBuildFile; fileRef = BF43A8672CB5F7D40027D95C /* libsodium.26.dylib */; settings = {ATTRIBUTES = (CodeSignOnCopy, ); }; };
		BF9A1E8D2CB67BBA00FCEA2B /* libsoxr.0.dylib in Copy Dylibs */ = {isa = PBXBuildFile; fileRef = BF43A8682CB5F7D40027D95C /* libsoxr.0.dylib */; settings = {ATTRIBUTES = (CodeSignOnCopy, ); }; };
		BF9A1E8E2CB67BBA00FCEA2B /* libspeex.1.dylib in Copy Dylibs */ = {isa = PBXBuildFile; fileRef = BF43A85D2CB5F7D40027D95C /* libspeex.1.dylib */; settings = {ATTRIBUTES = (CodeSignOnCopy, ); }; };
		BF9A1E8F2CB67BBA00FCEA2B /* libsrt.1.5.dylib in Copy Dylibs */ = {isa = PBXBuildFile; fileRef = BF43A85E2CB5F7D40027D95C /* libsrt.1.5.dylib */; settings = {ATTRIBUTES = (CodeSignOnCopy, ); }; };
		BF9A1E902CB67BBA00FCEA2B /* libssh.4.dylib in Copy Dylibs */ = {isa = PBXBuildFile; fileRef = BF43A8562CB5F7D30027D95C /* libssh.4.dylib */; settings = {ATTRIBUTES = (CodeSignOnCopy, ); }; };
		BF9A1E912CB67BBA00FCEA2B /* libssl.3.dylib in Copy Dylibs */ = {isa = PBXBuildFile; fileRef = BF43A8712CB5F7D40027D95C /* libssl.3.dylib */; settings = {ATTRIBUTES = (CodeSignOnCopy, ); }; };
		BF9A1E922CB67BBA00FCEA2B /* libSvtAv1Enc.2.dylib in Copy Dylibs */ = {isa = PBXBuildFile; fileRef = BF43A8762CB5F7D40027D95C /* libSvtAv1Enc.2.dylib */; settings = {ATTRIBUTES = (CodeSignOnCopy, ); }; };
		BF9A1E932CB67BBA00FCEA2B /* libswresample.5.dylib in Copy Dylibs */ = {isa = PBXBuildFile; fileRef = BF43A8642CB5F7D40027D95C /* libswresample.5.dylib */; settings = {ATTRIBUTES = (CodeSignOnCopy, ); }; };
		BF9A1E942CB67BBA00FCEA2B /* libswscale.8.dylib in Copy Dylibs */ = {isa = PBXBuildFile; fileRef = BF43A8722CB5F7D40027D95C /* libswscale.8.dylib */; settings = {ATTRIBUTES = (CodeSignOnCopy, ); }; };
		BF9A1E952CB67BBA00FCEA2B /* libtasn1.6.dylib in Copy Dylibs */ = {isa = PBXBuildFile; fileRef = BF43A8692CB5F7D40027D95C /* libtasn1.6.dylib */; settings = {ATTRIBUTES = (CodeSignOnCopy, ); }; };
		BF9A1E962CB67BBA00FCEA2B /* libtesseract.5.dylib in Copy Dylibs */ = {isa = PBXBuildFile; fileRef = BF43A86D2CB5F7D40027D95C /* libtesseract.5.dylib */; settings = {ATTRIBUTES = (CodeSignOnCopy, ); }; };
		BF9A1E972CB67BBA00FCEA2B /* libtheoradec.1.dylib in Copy Dylibs */ = {isa = PBXBuildFile; fileRef = BF43A8772CB5F7D40027D95C /* libtheoradec.1.dylib */; settings = {ATTRIBUTES = (CodeSignOnCopy, ); }; };
		BF9A1E982CB67BBA00FCEA2B /* libtheoraenc.1.dylib in Copy Dylibs */ = {isa = PBXBuildFile; fileRef = BF43A85F2CB5F7D40027D95C /* libtheoraenc.1.dylib */; settings = {ATTRIBUTES = (CodeSignOnCopy, ); }; };
		BF9A1E992CB67BBA00FCEA2B /* libtiff.6.dylib in Copy Dylibs */ = {isa = PBXBuildFile; fileRef = BF43A85A2CB5F7D30027D95C /* libtiff.6.dylib */; settings = {ATTRIBUTES = (CodeSignOnCopy, ); }; };
		BF9A1E9A2CB67BBA00FCEA2B /* libuchardet.0.dylib in Copy Dylibs */ = {isa = PBXBuildFile; fileRef = BF43A8792CB5F7D50027D95C /* libuchardet.0.dylib */; settings = {ATTRIBUTES = (CodeSignOnCopy, ); }; };
		BF9A1E9B2CB67BBA00FCEA2B /* libunibreak.6.dylib in Copy Dylibs */ = {isa = PBXBuildFile; fileRef = BF43A8592CB5F7D30027D95C /* libunibreak.6.dylib */; settings = {ATTRIBUTES = (CodeSignOnCopy, ); }; };
		BF9A1E9C2CB67BBA00FCEA2B /* libunistring.5.dylib in Copy Dylibs */ = {isa = PBXBuildFile; fileRef = BF43A85B2CB5F7D30027D95C /* libunistring.5.dylib */; settings = {ATTRIBUTES = (CodeSignOnCopy, ); }; };
		BF9A1E9D2CB67BBA00FCEA2B /* libvidstab.1.2.dylib in Copy Dylibs */ = {isa = PBXBuildFile; fileRef = BF43A8662CB5F7D40027D95C /* libvidstab.1.2.dylib */; settings = {ATTRIBUTES = (CodeSignOnCopy, ); }; };
		BF9A1E9E2CB67BBA00FCEA2B /* libvmaf.3.dylib in Copy Dylibs */ = {isa = PBXBuildFile; fileRef = BF43A8702CB5F7D40027D95C /* libvmaf.3.dylib */; settings = {ATTRIBUTES = (CodeSignOnCopy, ); }; };
		BF9A1E9F2CB67BBA00FCEA2B /* libvorbis.0.dylib in Copy Dylibs */ = {isa = PBXBuildFile; fileRef = BF43A8742CB5F7D40027D95C /* libvorbis.0.dylib */; settings = {ATTRIBUTES = (CodeSignOnCopy, ); }; };
		BF9A1EA02CB67BBA00FCEA2B /* libvorbisenc.2.dylib in Copy Dylibs */ = {isa = PBXBuildFile; fileRef = BF43A85C2CB5F7D30027D95C /* libvorbisenc.2.dylib */; settings = {ATTRIBUTES = (CodeSignOnCopy, ); }; };
		BF9A1EA12CB67BBA00FCEA2B /* libvpx.8.dylib in Copy Dylibs */ = {isa = PBXBuildFile; fileRef = BF43A86A2CB5F7D40027D95C /* libvpx.8.dylib */; settings = {ATTRIBUTES = (CodeSignOnCopy, ); }; };
		BF9A1EA22CB67BBA00FCEA2B /* libvulkan.1.dylib in Copy Dylibs */ = {isa = PBXBuildFile; fileRef = BF43A8782CB5F7D50027D95C /* libvulkan.1.dylib */; settings = {ATTRIBUTES = (CodeSignOnCopy, ); }; };
		BF9A1EA32CB67BBA00FCEA2B /* libwebp.7.dylib in Copy Dylibs */ = {isa = PBXBuildFile; fileRef = BF43A8612CB5F7D40027D95C /* libwebp.7.dylib */; settings = {ATTRIBUTES = (CodeSignOnCopy, ); }; };
		BF9A1EA42CB67BBA00FCEA2B /* libwebpmux.3.dylib in Copy Dylibs */ = {isa = PBXBuildFile; fileRef = BF43A8542CB5F7D30027D95C /* libwebpmux.3.dylib */; settings = {ATTRIBUTES = (CodeSignOnCopy, ); }; };
		BF9A1EA52CB67BBA00FCEA2B /* libX11.6.dylib in Copy Dylibs */ = {isa = PBXBuildFile; fileRef = BF43A8732CB5F7D40027D95C /* libX11.6.dylib */; settings = {ATTRIBUTES = (CodeSignOnCopy, ); }; };
		BF9A1EA62CB67BBA00FCEA2B /* libx264.164.dylib in Copy Dylibs */ = {isa = PBXBuildFile; fileRef = BF43A8552CB5F7D30027D95C /* libx264.164.dylib */; settings = {ATTRIBUTES = (CodeSignOnCopy, ); }; };
		BF9A1EA72CB67BBA00FCEA2B /* libx265.209.dylib in Copy Dylibs */ = {isa = PBXBuildFile; fileRef = BF43A8632CB5F7D40027D95C /* libx265.209.dylib */; settings = {ATTRIBUTES = (CodeSignOnCopy, ); }; };
		BF9A1EA82CB67BBA00FCEA2B /* libXau.6.dylib in Copy Dylibs */ = {isa = PBXBuildFile; fileRef = BF43A86C2CB5F7D40027D95C /* libXau.6.dylib */; settings = {ATTRIBUTES = (CodeSignOnCopy, ); }; };
		BF9A1EA92CB67BBA00FCEA2B /* libxcb-shape.0.dylib in Copy Dylibs */ = {isa = PBXBuildFile; fileRef = BF43A8622CB5F7D40027D95C /* libxcb-shape.0.dylib */; settings = {ATTRIBUTES = (CodeSignOnCopy, ); }; };
		BF9A1EAA2CB67BBA00FCEA2B /* libxcb-shm.0.dylib in Copy Dylibs */ = {isa = PBXBuildFile; fileRef = BF43A8652CB5F7D40027D95C /* libxcb-shm.0.dylib */; settings = {ATTRIBUTES = (CodeSignOnCopy, ); }; };
		BF9A1EAB2CB67BBA00FCEA2B /* libxcb-xfixes.0.dylib in Copy Dylibs */ = {isa = PBXBuildFile; fileRef = BF43A86B2CB5F7D40027D95C /* libxcb-xfixes.0.dylib */; settings = {ATTRIBUTES = (CodeSignOnCopy, ); }; };
		BF9A1EAC2CB67BBA00FCEA2B /* libxcb.1.dylib in Copy Dylibs */ = {isa = PBXBuildFile; fileRef = BF43A8572CB5F7D30027D95C /* libxcb.1.dylib */; settings = {ATTRIBUTES = (CodeSignOnCopy, ); }; };
		BF9A1EAD2CB67BBA00FCEA2B /* libXdmcp.6.dylib in Copy Dylibs */ = {isa = PBXBuildFile; fileRef = BF43A8602CB5F7D40027D95C /* libXdmcp.6.dylib */; settings = {ATTRIBUTES = (CodeSignOnCopy, ); }; };
		BF9A1EAE2CB67BBA00FCEA2B /* libzimg.2.dylib in Copy Dylibs */ = {isa = PBXBuildFile; fileRef = BF43A86E2CB5F7D40027D95C /* libzimg.2.dylib */; settings = {ATTRIBUTES = (CodeSignOnCopy, ); }; };
		BF9A1EAF2CB67BBA00FCEA2B /* libzmq.5.dylib in Copy Dylibs */ = {isa = PBXBuildFile; fileRef = BF43A8582CB5F7D30027D95C /* libzmq.5.dylib */; settings = {ATTRIBUTES = (CodeSignOnCopy, ); }; };
		BF9A1EB02CB67BBA00FCEA2B /* libzstd.1.dylib in Copy Dylibs */ = {isa = PBXBuildFile; fileRef = BF43A8752CB5F7D40027D95C /* libzstd.1.dylib */; settings = {ATTRIBUTES = (CodeSignOnCopy, ); }; };
		BF9A1EB12CB67BBA00FCEA2B /* libaom.3.dylib in Copy Dylibs */ = {isa = PBXBuildFile; fileRef = BF41D44D2CB5F03900768330 /* libaom.3.dylib */; settings = {ATTRIBUTES = (CodeSignOnCopy, ); }; };
		BF9A1EB22CB67BBA00FCEA2B /* libarchive.13.dylib in Copy Dylibs */ = {isa = PBXBuildFile; fileRef = BF41D44E2CB5F03900768330 /* libarchive.13.dylib */; settings = {ATTRIBUTES = (CodeSignOnCopy, ); }; };
		BF9A1EB32CB67BBA00FCEA2B /* libaribb24.0.dylib in Copy Dylibs */ = {isa = PBXBuildFile; fileRef = BF41D44F2CB5F03900768330 /* libaribb24.0.dylib */; settings = {ATTRIBUTES = (CodeSignOnCopy, ); }; };
		BF9A1EB42CB67BBA00FCEA2B /* libass.9.dylib in Copy Dylibs */ = {isa = PBXBuildFile; fileRef = BF41D4502CB5F03900768330 /* libass.9.dylib */; settings = {ATTRIBUTES = (CodeSignOnCopy, ); }; };
		BF9A1EB52CB67BBA00FCEA2B /* libavcodec.61.dylib in Copy Dylibs */ = {isa = PBXBuildFile; fileRef = BF41D4512CB5F03900768330 /* libavcodec.61.dylib */; settings = {ATTRIBUTES = (CodeSignOnCopy, ); }; };
		BF9A1EB62CB67BBA00FCEA2B /* libavdevice.61.dylib in Copy Dylibs */ = {isa = PBXBuildFile; fileRef = BF41D4522CB5F03900768330 /* libavdevice.61.dylib */; settings = {ATTRIBUTES = (CodeSignOnCopy, ); }; };
		BF9A1EB72CB67BBA00FCEA2B /* libavfilter.10.dylib in Copy Dylibs */ = {isa = PBXBuildFile; fileRef = BF41D4532CB5F03900768330 /* libavfilter.10.dylib */; settings = {ATTRIBUTES = (CodeSignOnCopy, ); }; };
		BF9A1EB82CB67BBA00FCEA2B /* libavformat.61.dylib in Copy Dylibs */ = {isa = PBXBuildFile; fileRef = BF41D4542CB5F03900768330 /* libavformat.61.dylib */; settings = {ATTRIBUTES = (CodeSignOnCopy, ); }; };
		BF9A1EB92CB67BBA00FCEA2B /* libavutil.59.dylib in Copy Dylibs */ = {isa = PBXBuildFile; fileRef = BF41D4552CB5F03900768330 /* libavutil.59.dylib */; settings = {ATTRIBUTES = (CodeSignOnCopy, ); }; };
		BF9A1EBA2CB67BBA00FCEA2B /* libb2.1.dylib in Copy Dylibs */ = {isa = PBXBuildFile; fileRef = BF41D4562CB5F03900768330 /* libb2.1.dylib */; settings = {ATTRIBUTES = (CodeSignOnCopy, ); }; };
		BF9A1EBB2CB67BBA00FCEA2B /* libbluray.2.dylib in Copy Dylibs */ = {isa = PBXBuildFile; fileRef = BF41D4572CB5F03900768330 /* libbluray.2.dylib */; settings = {ATTRIBUTES = (CodeSignOnCopy, ); }; };
		BF9A1EBC2CB67BBA00FCEA2B /* libbrotlicommon.1.dylib in Copy Dylibs */ = {isa = PBXBuildFile; fileRef = BF41D4582CB5F03900768330 /* libbrotlicommon.1.dylib */; settings = {ATTRIBUTES = (CodeSignOnCopy, ); }; };
		BF9A1EBD2CB67BBA00FCEA2B /* libbrotlidec.1.dylib in Copy Dylibs */ = {isa = PBXBuildFile; fileRef = BF41D4592CB5F03900768330 /* libbrotlidec.1.dylib */; settings = {ATTRIBUTES = (CodeSignOnCopy, ); }; };
		BF9A1EBE2CB67BBA00FCEA2B /* libbrotlienc.1.dylib in Copy Dylibs */ = {isa = PBXBuildFile; fileRef = BF41D45A2CB5F03900768330 /* libbrotlienc.1.dylib */; settings = {ATTRIBUTES = (CodeSignOnCopy, ); }; };
		BF9A1EBF2CB67BBA00FCEA2B /* libcjson.1.dylib in Copy Dylibs */ = {isa = PBXBuildFile; fileRef = BF41D45B2CB5F03900768330 /* libcjson.1.dylib */; settings = {ATTRIBUTES = (CodeSignOnCopy, ); }; };
		BF9A1EC02CB67BBA00FCEA2B /* libcrypto.3.dylib in Copy Dylibs */ = {isa = PBXBuildFile; fileRef = BF41D45C2CB5F03900768330 /* libcrypto.3.dylib */; settings = {ATTRIBUTES = (CodeSignOnCopy, ); }; };
		BF9A1EC12CB67BBA00FCEA2B /* libdav1d.7.dylib in Copy Dylibs */ = {isa = PBXBuildFile; fileRef = BF41D45D2CB5F03900768330 /* libdav1d.7.dylib */; settings = {ATTRIBUTES = (CodeSignOnCopy, ); }; };
		BF9A1EC22CB67BBA00FCEA2B /* libfontconfig.1.dylib in Copy Dylibs */ = {isa = PBXBuildFile; fileRef = BF41D45E2CB5F03900768330 /* libfontconfig.1.dylib */; settings = {ATTRIBUTES = (CodeSignOnCopy, ); }; };
		BF9A1EC32CB67BBA00FCEA2B /* libfreetype.6.dylib in Copy Dylibs */ = {isa = PBXBuildFile; fileRef = BF41D45F2CB5F03900768330 /* libfreetype.6.dylib */; settings = {ATTRIBUTES = (CodeSignOnCopy, ); }; };
		BF9A1EC42CB67BBA00FCEA2B /* libfribidi.0.dylib in Copy Dylibs */ = {isa = PBXBuildFile; fileRef = BF41D4602CB5F03900768330 /* libfribidi.0.dylib */; settings = {ATTRIBUTES = (CodeSignOnCopy, ); }; };
		BF9A1EC52CB67BBA00FCEA2B /* libgif.dylib in Copy Dylibs */ = {isa = PBXBuildFile; fileRef = BF41D4612CB5F03900768330 /* libgif.dylib */; settings = {ATTRIBUTES = (CodeSignOnCopy, ); }; };
		BF9A1EC62CB67BBA00FCEA2B /* libglib-2.0.0.dylib in Copy Dylibs */ = {isa = PBXBuildFile; fileRef = BF41D4622CB5F03900768330 /* libglib-2.0.0.dylib */; settings = {ATTRIBUTES = (CodeSignOnCopy, ); }; };
		BF9A1EC72CB67BBA00FCEA2B /* libgmp.10.dylib in Copy Dylibs */ = {isa = PBXBuildFile; fileRef = BF41D4632CB5F03900768330 /* libgmp.10.dylib */; settings = {ATTRIBUTES = (CodeSignOnCopy, ); }; };
		BF9A1EC82CB67BBA00FCEA2B /* libgnutls.30.dylib in Copy Dylibs */ = {isa = PBXBuildFile; fileRef = BF41D4642CB5F03900768330 /* libgnutls.30.dylib */; settings = {ATTRIBUTES = (CodeSignOnCopy, ); }; };
		BF9A1EC92CB67BBA00FCEA2B /* libgraphite2.3.dylib in Copy Dylibs */ = {isa = PBXBuildFile; fileRef = BF41D4652CB5F03900768330 /* libgraphite2.3.dylib */; settings = {ATTRIBUTES = (CodeSignOnCopy, ); }; };
		BF9A1ECA2CB67BBA00FCEA2B /* libharfbuzz.0.dylib in Copy Dylibs */ = {isa = PBXBuildFile; fileRef = BF41D4662CB5F03900768330 /* libharfbuzz.0.dylib */; settings = {ATTRIBUTES = (CodeSignOnCopy, ); }; };
		BF9A1ECB2CB67BBA00FCEA2B /* libhogweed.6.dylib in Copy Dylibs */ = {isa = PBXBuildFile; fileRef = BF41D4672CB5F03900768330 /* libhogweed.6.dylib */; settings = {ATTRIBUTES = (CodeSignOnCopy, ); }; };
		BF9A1ECC2CB67BBA00FCEA2B /* libhwy.1.dylib in Copy Dylibs */ = {isa = PBXBuildFile; fileRef = BF41D4682CB5F03900768330 /* libhwy.1.dylib */; settings = {ATTRIBUTES = (CodeSignOnCopy, ); }; };
		BF9A1ECD2CB67BBA00FCEA2B /* libidn2.0.dylib in Copy Dylibs */ = {isa = PBXBuildFile; fileRef = BF41D4692CB5F03900768330 /* libidn2.0.dylib */; settings = {ATTRIBUTES = (CodeSignOnCopy, ); }; };
		BF9A1ECE2CB67BBA00FCEA2B /* libintl.8.dylib in Copy Dylibs */ = {isa = PBXBuildFile; fileRef = BF41D46A2CB5F03900768330 /* libintl.8.dylib */; settings = {ATTRIBUTES = (CodeSignOnCopy, ); }; };
		BF9A1ECF2CB67BBA00FCEA2B /* libjpeg.8.dylib in Copy Dylibs */ = {isa = PBXBuildFile; fileRef = BF41D46B2CB5F03900768330 /* libjpeg.8.dylib */; settings = {ATTRIBUTES = (CodeSignOnCopy, ); }; };
		BF9A1ED02CB67BBA00FCEA2B /* libjxl_cms.0.11.dylib in Copy Dylibs */ = {isa = PBXBuildFile; fileRef = BF41D46C2CB5F03900768330 /* libjxl_cms.0.11.dylib */; settings = {ATTRIBUTES = (CodeSignOnCopy, ); }; };
		BF9A1ED12CB67BBA00FCEA2B /* libjxl_threads.0.11.dylib in Copy Dylibs */ = {isa = PBXBuildFile; fileRef = BF41D46D2CB5F03900768330 /* libjxl_threads.0.11.dylib */; settings = {ATTRIBUTES = (CodeSignOnCopy, ); }; };
		BF9A1ED22CB67BBA00FCEA2B /* libjxl.0.11.dylib in Copy Dylibs */ = {isa = PBXBuildFile; fileRef = BF41D46E2CB5F03900768330 /* libjxl.0.11.dylib */; settings = {ATTRIBUTES = (CodeSignOnCopy, ); }; };
		BF9A1ED32CB67BBA00FCEA2B /* liblcms2.2.dylib in Copy Dylibs */ = {isa = PBXBuildFile; fileRef = BF41D46F2CB5F03900768330 /* liblcms2.2.dylib */; settings = {ATTRIBUTES = (CodeSignOnCopy, ); }; };
		BF9A1ED42CB67BBA00FCEA2B /* libleptonica.6.dylib in Copy Dylibs */ = {isa = PBXBuildFile; fileRef = BF41D4702CB5F03900768330 /* libleptonica.6.dylib */; settings = {ATTRIBUTES = (CodeSignOnCopy, ); }; };
		BF9A1ED52CB67BBA00FCEA2B /* liblz4.1.dylib in Copy Dylibs */ = {isa = PBXBuildFile; fileRef = BF41D4712CB5F03900768330 /* liblz4.1.dylib */; settings = {ATTRIBUTES = (CodeSignOnCopy, ); }; };
		BF9A1ED62CB67BBA00FCEA2B /* liblzma.5.dylib in Copy Dylibs */ = {isa = PBXBuildFile; fileRef = BF41D4722CB5F03900768330 /* liblzma.5.dylib */; settings = {ATTRIBUTES = (CodeSignOnCopy, ); }; };
		BF9A1ED72CB67BBA00FCEA2B /* libmbedcrypto.16.dylib in Copy Dylibs */ = {isa = PBXBuildFile; fileRef = BF41D4732CB5F03900768330 /* libmbedcrypto.16.dylib */; settings = {ATTRIBUTES = (CodeSignOnCopy, ); }; };
		BF9A1ED82CB67BBA00FCEA2B /* libmp3lame.0.dylib in Copy Dylibs */ = {isa = PBXBuildFile; fileRef = BF41D4742CB5F03900768330 /* libmp3lame.0.dylib */; settings = {ATTRIBUTES = (CodeSignOnCopy, ); }; };
		BF9A1ED92CB67BBA00FCEA2B /* libmpv.2.dylib in Copy Dylibs */ = {isa = PBXBuildFile; fileRef = BF41D4752CB5F03900768330 /* libmpv.2.dylib */; settings = {ATTRIBUTES = (CodeSignOnCopy, ); }; };
		BF9A1EDA2CB67BBA00FCEA2B /* libnettle.8.dylib in Copy Dylibs */ = {isa = PBXBuildFile; fileRef = BF41D4762CB5F03900768330 /* libnettle.8.dylib */; settings = {ATTRIBUTES = (CodeSignOnCopy, ); }; };
		BF9A1EDB2CB67BBA00FCEA2B /* libogg.0.dylib in Copy Dylibs */ = {isa = PBXBuildFile; fileRef = BF41D4772CB5F03900768330 /* libogg.0.dylib */; settings = {ATTRIBUTES = (CodeSignOnCopy, ); }; };
		BF9A1EDC2CB67BBA00FCEA2B /* libopencore-amrnb.0.dylib in Copy Dylibs */ = {isa = PBXBuildFile; fileRef = BF41D4782CB5F03900768330 /* libopencore-amrnb.0.dylib */; settings = {ATTRIBUTES = (CodeSignOnCopy, ); }; };
		BF9A1EDD2CB67BBA00FCEA2B /* libopencore-amrwb.0.dylib in Copy Dylibs */ = {isa = PBXBuildFile; fileRef = BF41D4792CB5F03900768330 /* libopencore-amrwb.0.dylib */; settings = {ATTRIBUTES = (CodeSignOnCopy, ); }; };
		BF9A1EDE2CB67BBA00FCEA2B /* libopenjp2.7.dylib in Copy Dylibs */ = {isa = PBXBuildFile; fileRef = BF41D47A2CB5F03900768330 /* libopenjp2.7.dylib */; settings = {ATTRIBUTES = (CodeSignOnCopy, ); }; };
		BF9A1EDF2CB67BBA00FCEA2B /* libopus.0.dylib in Copy Dylibs */ = {isa = PBXBuildFile; fileRef = BF41D47B2CB5F03900768330 /* libopus.0.dylib */; settings = {ATTRIBUTES = (CodeSignOnCopy, ); }; };
		BF9A1EE02CB67BBA00FCEA2B /* libp11-kit.0.dylib in Copy Dylibs */ = {isa = PBXBuildFile; fileRef = BF41D47C2CB5F03900768330 /* libp11-kit.0.dylib */; settings = {ATTRIBUTES = (CodeSignOnCopy, ); }; };
		BF9A1EE12CB67BBA00FCEA2B /* libpcre2-8.0.dylib in Copy Dylibs */ = {isa = PBXBuildFile; fileRef = BF41D47D2CB5F03900768330 /* libpcre2-8.0.dylib */; settings = {ATTRIBUTES = (CodeSignOnCopy, ); }; };
		BF9A1EE22CB67BBA00FCEA2B /* libplacebo.349.dylib in Copy Dylibs */ = {isa = PBXBuildFile; fileRef = BF41D47E2CB5F03900768330 /* libplacebo.349.dylib */; settings = {ATTRIBUTES = (CodeSignOnCopy, ); }; };
		BF9A1EE32CB67BBA00FCEA2B /* libpng16.16.dylib in Copy Dylibs */ = {isa = PBXBuildFile; fileRef = BF41D47F2CB5F03900768330 /* libpng16.16.dylib */; settings = {ATTRIBUTES = (CodeSignOnCopy, ); }; };
		BF9A1EE42CB67BBA00FCEA2B /* libpostproc.58.dylib in Copy Dylibs */ = {isa = PBXBuildFile; fileRef = BF41D4802CB5F03900768330 /* libpostproc.58.dylib */; settings = {ATTRIBUTES = (CodeSignOnCopy, ); }; };
		BF9A1EE52CB67BBA00FCEA2B /* librav1e.0.7.dylib in Copy Dylibs */ = {isa = PBXBuildFile; fileRef = BF41D4812CB5F03900768330 /* librav1e.0.7.dylib */; settings = {ATTRIBUTES = (CodeSignOnCopy, ); }; };
		BF9A1EE62CB67BBA00FCEA2B /* librist.4.dylib in Copy Dylibs */ = {isa = PBXBuildFile; fileRef = BF41D4822CB5F03900768330 /* librist.4.dylib */; settings = {ATTRIBUTES = (CodeSignOnCopy, ); }; };
		BF9A1EE72CB67BBA00FCEA2B /* librubberband.2.dylib in Copy Dylibs */ = {isa = PBXBuildFile; fileRef = BF41D4832CB5F03900768330 /* librubberband.2.dylib */; settings = {ATTRIBUTES = (CodeSignOnCopy, ); }; };
		BF9A1EE82CB67BBA00FCEA2B /* libsamplerate.0.dylib in Copy Dylibs */ = {isa = PBXBuildFile; fileRef = BF41D4842CB5F03900768330 /* libsamplerate.0.dylib */; settings = {ATTRIBUTES = (CodeSignOnCopy, ); }; };
		BF9A1EE92CB67BBA00FCEA2B /* libSDL2-2.0.0.dylib in Copy Dylibs */ = {isa = PBXBuildFile; fileRef = BF41D4852CB5F03900768330 /* libSDL2-2.0.0.dylib */; settings = {ATTRIBUTES = (CodeSignOnCopy, ); }; };
		BF9A1EEA2CB67BBA00FCEA2B /* libshaderc_shared.1.dylib in Copy Dylibs */ = {isa = PBXBuildFile; fileRef = BF41D4862CB5F03900768330 /* libshaderc_shared.1.dylib */; settings = {ATTRIBUTES = (CodeSignOnCopy, ); }; };
		BF9A1EEB2CB67BBA00FCEA2B /* libsharpyuv.0.dylib in Copy Dylibs */ = {isa = PBXBuildFile; fileRef = BF41D4872CB5F03900768330 /* libsharpyuv.0.dylib */; settings = {ATTRIBUTES = (CodeSignOnCopy, ); }; };
		BFA5AED52CB6EC3A008B6FB8 /* MusicPlayerFFI.xcframework in Frameworks */ = {isa = PBXBuildFile; fileRef = BFB4BA102CB5BEA200E88C32 /* MusicPlayerFFI.xcframework */; };
		BFB4BA262CB5BF2600E88C32 /* GRDB in Frameworks */ = {isa = PBXBuildFile; productRef = BFB4BA252CB5BF2600E88C32 /* GRDB */; };
/* End PBXBuildFile section */

/* Begin PBXCopyFilesBuildPhase section */
		BF41D4C32CB5F1A200768330 /* Copy Dylibs */ = {
			isa = PBXCopyFilesBuildPhase;
			buildActionMask = 2147483647;
			dstPath = "";
			dstSubfolderSpec = 10;
			files = (
				BF9A1E8B2CB67BBA00FCEA2B /* libsnappy.1.dylib in Copy Dylibs */,
				BF9A1E8C2CB67BBA00FCEA2B /* libsodium.26.dylib in Copy Dylibs */,
				BF9A1E8D2CB67BBA00FCEA2B /* libsoxr.0.dylib in Copy Dylibs */,
				BF9A1E8E2CB67BBA00FCEA2B /* libspeex.1.dylib in Copy Dylibs */,
				BF9A1E8F2CB67BBA00FCEA2B /* libsrt.1.5.dylib in Copy Dylibs */,
				BF9A1E902CB67BBA00FCEA2B /* libssh.4.dylib in Copy Dylibs */,
				BF9A1E912CB67BBA00FCEA2B /* libssl.3.dylib in Copy Dylibs */,
				BF9A1E922CB67BBA00FCEA2B /* libSvtAv1Enc.2.dylib in Copy Dylibs */,
				BF9A1E932CB67BBA00FCEA2B /* libswresample.5.dylib in Copy Dylibs */,
				BF9A1E942CB67BBA00FCEA2B /* libswscale.8.dylib in Copy Dylibs */,
				BF9A1E952CB67BBA00FCEA2B /* libtasn1.6.dylib in Copy Dylibs */,
				BF9A1E962CB67BBA00FCEA2B /* libtesseract.5.dylib in Copy Dylibs */,
				BF9A1E972CB67BBA00FCEA2B /* libtheoradec.1.dylib in Copy Dylibs */,
				BF9A1E982CB67BBA00FCEA2B /* libtheoraenc.1.dylib in Copy Dylibs */,
				BF9A1E992CB67BBA00FCEA2B /* libtiff.6.dylib in Copy Dylibs */,
				BF9A1E9A2CB67BBA00FCEA2B /* libuchardet.0.dylib in Copy Dylibs */,
				BF9A1E9B2CB67BBA00FCEA2B /* libunibreak.6.dylib in Copy Dylibs */,
				BF9A1E9C2CB67BBA00FCEA2B /* libunistring.5.dylib in Copy Dylibs */,
				BF9A1E9D2CB67BBA00FCEA2B /* libvidstab.1.2.dylib in Copy Dylibs */,
				BF9A1E9E2CB67BBA00FCEA2B /* libvmaf.3.dylib in Copy Dylibs */,
				BF9A1E9F2CB67BBA00FCEA2B /* libvorbis.0.dylib in Copy Dylibs */,
				BF9A1EA02CB67BBA00FCEA2B /* libvorbisenc.2.dylib in Copy Dylibs */,
				BF9A1EA12CB67BBA00FCEA2B /* libvpx.8.dylib in Copy Dylibs */,
				BF9A1EA22CB67BBA00FCEA2B /* libvulkan.1.dylib in Copy Dylibs */,
				BF9A1EA32CB67BBA00FCEA2B /* libwebp.7.dylib in Copy Dylibs */,
				BF9A1EA42CB67BBA00FCEA2B /* libwebpmux.3.dylib in Copy Dylibs */,
				BF9A1EA52CB67BBA00FCEA2B /* libX11.6.dylib in Copy Dylibs */,
				BF9A1EA62CB67BBA00FCEA2B /* libx264.164.dylib in Copy Dylibs */,
				BF9A1EA72CB67BBA00FCEA2B /* libx265.209.dylib in Copy Dylibs */,
				BF9A1EA82CB67BBA00FCEA2B /* libXau.6.dylib in Copy Dylibs */,
				BF9A1EA92CB67BBA00FCEA2B /* libxcb-shape.0.dylib in Copy Dylibs */,
				BF9A1EAA2CB67BBA00FCEA2B /* libxcb-shm.0.dylib in Copy Dylibs */,
				BF9A1EAB2CB67BBA00FCEA2B /* libxcb-xfixes.0.dylib in Copy Dylibs */,
				BF9A1EAC2CB67BBA00FCEA2B /* libxcb.1.dylib in Copy Dylibs */,
				BF9A1EAD2CB67BBA00FCEA2B /* libXdmcp.6.dylib in Copy Dylibs */,
				BF9A1EAE2CB67BBA00FCEA2B /* libzimg.2.dylib in Copy Dylibs */,
				BF9A1EAF2CB67BBA00FCEA2B /* libzmq.5.dylib in Copy Dylibs */,
				BF9A1EB02CB67BBA00FCEA2B /* libzstd.1.dylib in Copy Dylibs */,
				BF9A1EB12CB67BBA00FCEA2B /* libaom.3.dylib in Copy Dylibs */,
				BF9A1EB22CB67BBA00FCEA2B /* libarchive.13.dylib in Copy Dylibs */,
				BF9A1EB32CB67BBA00FCEA2B /* libaribb24.0.dylib in Copy Dylibs */,
				BF9A1EB42CB67BBA00FCEA2B /* libass.9.dylib in Copy Dylibs */,
				BF9A1EB52CB67BBA00FCEA2B /* libavcodec.61.dylib in Copy Dylibs */,
				BF9A1EB62CB67BBA00FCEA2B /* libavdevice.61.dylib in Copy Dylibs */,
				BF9A1EB72CB67BBA00FCEA2B /* libavfilter.10.dylib in Copy Dylibs */,
				BF9A1EB82CB67BBA00FCEA2B /* libavformat.61.dylib in Copy Dylibs */,
				BF9A1EB92CB67BBA00FCEA2B /* libavutil.59.dylib in Copy Dylibs */,
				BF9A1EBA2CB67BBA00FCEA2B /* libb2.1.dylib in Copy Dylibs */,
				BF9A1EBB2CB67BBA00FCEA2B /* libbluray.2.dylib in Copy Dylibs */,
				BF9A1EBC2CB67BBA00FCEA2B /* libbrotlicommon.1.dylib in Copy Dylibs */,
				BF9A1EBD2CB67BBA00FCEA2B /* libbrotlidec.1.dylib in Copy Dylibs */,
				BF9A1EBE2CB67BBA00FCEA2B /* libbrotlienc.1.dylib in Copy Dylibs */,
				BF9A1EBF2CB67BBA00FCEA2B /* libcjson.1.dylib in Copy Dylibs */,
				BF9A1EC02CB67BBA00FCEA2B /* libcrypto.3.dylib in Copy Dylibs */,
				BF9A1EC12CB67BBA00FCEA2B /* libdav1d.7.dylib in Copy Dylibs */,
				BF9A1EC22CB67BBA00FCEA2B /* libfontconfig.1.dylib in Copy Dylibs */,
				BF9A1EC32CB67BBA00FCEA2B /* libfreetype.6.dylib in Copy Dylibs */,
				BF9A1EC42CB67BBA00FCEA2B /* libfribidi.0.dylib in Copy Dylibs */,
				BF9A1EC52CB67BBA00FCEA2B /* libgif.dylib in Copy Dylibs */,
				BF9A1EC62CB67BBA00FCEA2B /* libglib-2.0.0.dylib in Copy Dylibs */,
				BF9A1EC72CB67BBA00FCEA2B /* libgmp.10.dylib in Copy Dylibs */,
				BF9A1EC82CB67BBA00FCEA2B /* libgnutls.30.dylib in Copy Dylibs */,
				BF9A1EC92CB67BBA00FCEA2B /* libgraphite2.3.dylib in Copy Dylibs */,
				BF9A1ECA2CB67BBA00FCEA2B /* libharfbuzz.0.dylib in Copy Dylibs */,
				BF9A1ECB2CB67BBA00FCEA2B /* libhogweed.6.dylib in Copy Dylibs */,
				BF9A1ECC2CB67BBA00FCEA2B /* libhwy.1.dylib in Copy Dylibs */,
				BF9A1ECD2CB67BBA00FCEA2B /* libidn2.0.dylib in Copy Dylibs */,
				BF9A1ECE2CB67BBA00FCEA2B /* libintl.8.dylib in Copy Dylibs */,
				BF9A1ECF2CB67BBA00FCEA2B /* libjpeg.8.dylib in Copy Dylibs */,
				BF9A1ED02CB67BBA00FCEA2B /* libjxl_cms.0.11.dylib in Copy Dylibs */,
				BF9A1ED12CB67BBA00FCEA2B /* libjxl_threads.0.11.dylib in Copy Dylibs */,
				BF9A1ED22CB67BBA00FCEA2B /* libjxl.0.11.dylib in Copy Dylibs */,
				BF9A1ED32CB67BBA00FCEA2B /* liblcms2.2.dylib in Copy Dylibs */,
				BF9A1ED42CB67BBA00FCEA2B /* libleptonica.6.dylib in Copy Dylibs */,
				BF9A1ED52CB67BBA00FCEA2B /* liblz4.1.dylib in Copy Dylibs */,
				BF9A1ED62CB67BBA00FCEA2B /* liblzma.5.dylib in Copy Dylibs */,
				BF9A1ED72CB67BBA00FCEA2B /* libmbedcrypto.16.dylib in Copy Dylibs */,
				BF9A1ED82CB67BBA00FCEA2B /* libmp3lame.0.dylib in Copy Dylibs */,
				BF9A1ED92CB67BBA00FCEA2B /* libmpv.2.dylib in Copy Dylibs */,
				BF9A1EDA2CB67BBA00FCEA2B /* libnettle.8.dylib in Copy Dylibs */,
				BF9A1EDB2CB67BBA00FCEA2B /* libogg.0.dylib in Copy Dylibs */,
				BF9A1EDC2CB67BBA00FCEA2B /* libopencore-amrnb.0.dylib in Copy Dylibs */,
				BF9A1EDD2CB67BBA00FCEA2B /* libopencore-amrwb.0.dylib in Copy Dylibs */,
				BF9A1EDE2CB67BBA00FCEA2B /* libopenjp2.7.dylib in Copy Dylibs */,
				BF9A1EDF2CB67BBA00FCEA2B /* libopus.0.dylib in Copy Dylibs */,
				BF9A1EE02CB67BBA00FCEA2B /* libp11-kit.0.dylib in Copy Dylibs */,
				BF9A1EE12CB67BBA00FCEA2B /* libpcre2-8.0.dylib in Copy Dylibs */,
				BF9A1EE22CB67BBA00FCEA2B /* libplacebo.349.dylib in Copy Dylibs */,
				BF9A1EE32CB67BBA00FCEA2B /* libpng16.16.dylib in Copy Dylibs */,
				BF9A1EE42CB67BBA00FCEA2B /* libpostproc.58.dylib in Copy Dylibs */,
				BF9A1EE52CB67BBA00FCEA2B /* librav1e.0.7.dylib in Copy Dylibs */,
				BF9A1EE62CB67BBA00FCEA2B /* librist.4.dylib in Copy Dylibs */,
				BF9A1EE72CB67BBA00FCEA2B /* librubberband.2.dylib in Copy Dylibs */,
				BF9A1EE82CB67BBA00FCEA2B /* libsamplerate.0.dylib in Copy Dylibs */,
				BF9A1EE92CB67BBA00FCEA2B /* libSDL2-2.0.0.dylib in Copy Dylibs */,
				BF9A1EEA2CB67BBA00FCEA2B /* libshaderc_shared.1.dylib in Copy Dylibs */,
				BF9A1EEB2CB67BBA00FCEA2B /* libsharpyuv.0.dylib in Copy Dylibs */,
			);
			name = "Copy Dylibs";
			runOnlyForDeploymentPostprocessing = 0;
		};
/* End PBXCopyFilesBuildPhase section */

/* Begin PBXFileReference section */
		BF41D44D2CB5F03900768330 /* libaom.3.dylib */ = {isa = PBXFileReference; lastKnownFileType = "compiled.mach-o.dylib"; name = libaom.3.dylib; path = deps/lib/libaom.3.dylib; sourceTree = "<group>"; };
		BF41D44E2CB5F03900768330 /* libarchive.13.dylib */ = {isa = PBXFileReference; lastKnownFileType = "compiled.mach-o.dylib"; name = libarchive.13.dylib; path = deps/lib/libarchive.13.dylib; sourceTree = "<group>"; };
		BF41D44F2CB5F03900768330 /* libaribb24.0.dylib */ = {isa = PBXFileReference; lastKnownFileType = "compiled.mach-o.dylib"; name = libaribb24.0.dylib; path = deps/lib/libaribb24.0.dylib; sourceTree = "<group>"; };
		BF41D4502CB5F03900768330 /* libass.9.dylib */ = {isa = PBXFileReference; lastKnownFileType = "compiled.mach-o.dylib"; name = libass.9.dylib; path = deps/lib/libass.9.dylib; sourceTree = "<group>"; };
		BF41D4512CB5F03900768330 /* libavcodec.61.dylib */ = {isa = PBXFileReference; lastKnownFileType = "compiled.mach-o.dylib"; name = libavcodec.61.dylib; path = deps/lib/libavcodec.61.dylib; sourceTree = "<group>"; };
		BF41D4522CB5F03900768330 /* libavdevice.61.dylib */ = {isa = PBXFileReference; lastKnownFileType = "compiled.mach-o.dylib"; name = libavdevice.61.dylib; path = deps/lib/libavdevice.61.dylib; sourceTree = "<group>"; };
		BF41D4532CB5F03900768330 /* libavfilter.10.dylib */ = {isa = PBXFileReference; lastKnownFileType = "compiled.mach-o.dylib"; name = libavfilter.10.dylib; path = deps/lib/libavfilter.10.dylib; sourceTree = "<group>"; };
		BF41D4542CB5F03900768330 /* libavformat.61.dylib */ = {isa = PBXFileReference; lastKnownFileType = "compiled.mach-o.dylib"; name = libavformat.61.dylib; path = deps/lib/libavformat.61.dylib; sourceTree = "<group>"; };
		BF41D4552CB5F03900768330 /* libavutil.59.dylib */ = {isa = PBXFileReference; lastKnownFileType = "compiled.mach-o.dylib"; name = libavutil.59.dylib; path = deps/lib/libavutil.59.dylib; sourceTree = "<group>"; };
		BF41D4562CB5F03900768330 /* libb2.1.dylib */ = {isa = PBXFileReference; lastKnownFileType = "compiled.mach-o.dylib"; name = libb2.1.dylib; path = deps/lib/libb2.1.dylib; sourceTree = "<group>"; };
		BF41D4572CB5F03900768330 /* libbluray.2.dylib */ = {isa = PBXFileReference; lastKnownFileType = "compiled.mach-o.dylib"; name = libbluray.2.dylib; path = deps/lib/libbluray.2.dylib; sourceTree = "<group>"; };
		BF41D4582CB5F03900768330 /* libbrotlicommon.1.dylib */ = {isa = PBXFileReference; lastKnownFileType = "compiled.mach-o.dylib"; name = libbrotlicommon.1.dylib; path = deps/lib/libbrotlicommon.1.dylib; sourceTree = "<group>"; };
		BF41D4592CB5F03900768330 /* libbrotlidec.1.dylib */ = {isa = PBXFileReference; lastKnownFileType = "compiled.mach-o.dylib"; name = libbrotlidec.1.dylib; path = deps/lib/libbrotlidec.1.dylib; sourceTree = "<group>"; };
		BF41D45A2CB5F03900768330 /* libbrotlienc.1.dylib */ = {isa = PBXFileReference; lastKnownFileType = "compiled.mach-o.dylib"; name = libbrotlienc.1.dylib; path = deps/lib/libbrotlienc.1.dylib; sourceTree = "<group>"; };
		BF41D45B2CB5F03900768330 /* libcjson.1.dylib */ = {isa = PBXFileReference; lastKnownFileType = "compiled.mach-o.dylib"; name = libcjson.1.dylib; path = deps/lib/libcjson.1.dylib; sourceTree = "<group>"; };
		BF41D45C2CB5F03900768330 /* libcrypto.3.dylib */ = {isa = PBXFileReference; lastKnownFileType = "compiled.mach-o.dylib"; name = libcrypto.3.dylib; path = deps/lib/libcrypto.3.dylib; sourceTree = "<group>"; };
		BF41D45D2CB5F03900768330 /* libdav1d.7.dylib */ = {isa = PBXFileReference; lastKnownFileType = "compiled.mach-o.dylib"; name = libdav1d.7.dylib; path = deps/lib/libdav1d.7.dylib; sourceTree = "<group>"; };
		BF41D45E2CB5F03900768330 /* libfontconfig.1.dylib */ = {isa = PBXFileReference; lastKnownFileType = "compiled.mach-o.dylib"; name = libfontconfig.1.dylib; path = deps/lib/libfontconfig.1.dylib; sourceTree = "<group>"; };
		BF41D45F2CB5F03900768330 /* libfreetype.6.dylib */ = {isa = PBXFileReference; lastKnownFileType = "compiled.mach-o.dylib"; name = libfreetype.6.dylib; path = deps/lib/libfreetype.6.dylib; sourceTree = "<group>"; };
		BF41D4602CB5F03900768330 /* libfribidi.0.dylib */ = {isa = PBXFileReference; lastKnownFileType = "compiled.mach-o.dylib"; name = libfribidi.0.dylib; path = deps/lib/libfribidi.0.dylib; sourceTree = "<group>"; };
		BF41D4612CB5F03900768330 /* libgif.dylib */ = {isa = PBXFileReference; lastKnownFileType = "compiled.mach-o.dylib"; name = libgif.dylib; path = deps/lib/libgif.dylib; sourceTree = "<group>"; };
		BF41D4622CB5F03900768330 /* libglib-2.0.0.dylib */ = {isa = PBXFileReference; lastKnownFileType = "compiled.mach-o.dylib"; name = "libglib-2.0.0.dylib"; path = "deps/lib/libglib-2.0.0.dylib"; sourceTree = "<group>"; };
		BF41D4632CB5F03900768330 /* libgmp.10.dylib */ = {isa = PBXFileReference; lastKnownFileType = "compiled.mach-o.dylib"; name = libgmp.10.dylib; path = deps/lib/libgmp.10.dylib; sourceTree = "<group>"; };
		BF41D4642CB5F03900768330 /* libgnutls.30.dylib */ = {isa = PBXFileReference; lastKnownFileType = "compiled.mach-o.dylib"; name = libgnutls.30.dylib; path = deps/lib/libgnutls.30.dylib; sourceTree = "<group>"; };
		BF41D4652CB5F03900768330 /* libgraphite2.3.dylib */ = {isa = PBXFileReference; lastKnownFileType = "compiled.mach-o.dylib"; name = libgraphite2.3.dylib; path = deps/lib/libgraphite2.3.dylib; sourceTree = "<group>"; };
		BF41D4662CB5F03900768330 /* libharfbuzz.0.dylib */ = {isa = PBXFileReference; lastKnownFileType = "compiled.mach-o.dylib"; name = libharfbuzz.0.dylib; path = deps/lib/libharfbuzz.0.dylib; sourceTree = "<group>"; };
		BF41D4672CB5F03900768330 /* libhogweed.6.dylib */ = {isa = PBXFileReference; lastKnownFileType = "compiled.mach-o.dylib"; name = libhogweed.6.dylib; path = deps/lib/libhogweed.6.dylib; sourceTree = "<group>"; };
		BF41D4682CB5F03900768330 /* libhwy.1.dylib */ = {isa = PBXFileReference; lastKnownFileType = "compiled.mach-o.dylib"; name = libhwy.1.dylib; path = deps/lib/libhwy.1.dylib; sourceTree = "<group>"; };
		BF41D4692CB5F03900768330 /* libidn2.0.dylib */ = {isa = PBXFileReference; lastKnownFileType = "compiled.mach-o.dylib"; name = libidn2.0.dylib; path = deps/lib/libidn2.0.dylib; sourceTree = "<group>"; };
		BF41D46A2CB5F03900768330 /* libintl.8.dylib */ = {isa = PBXFileReference; lastKnownFileType = "compiled.mach-o.dylib"; name = libintl.8.dylib; path = deps/lib/libintl.8.dylib; sourceTree = "<group>"; };
		BF41D46B2CB5F03900768330 /* libjpeg.8.dylib */ = {isa = PBXFileReference; lastKnownFileType = "compiled.mach-o.dylib"; name = libjpeg.8.dylib; path = deps/lib/libjpeg.8.dylib; sourceTree = "<group>"; };
		BF41D46C2CB5F03900768330 /* libjxl_cms.0.11.dylib */ = {isa = PBXFileReference; lastKnownFileType = "compiled.mach-o.dylib"; name = libjxl_cms.0.11.dylib; path = deps/lib/libjxl_cms.0.11.dylib; sourceTree = "<group>"; };
		BF41D46D2CB5F03900768330 /* libjxl_threads.0.11.dylib */ = {isa = PBXFileReference; lastKnownFileType = "compiled.mach-o.dylib"; name = libjxl_threads.0.11.dylib; path = deps/lib/libjxl_threads.0.11.dylib; sourceTree = "<group>"; };
		BF41D46E2CB5F03900768330 /* libjxl.0.11.dylib */ = {isa = PBXFileReference; lastKnownFileType = "compiled.mach-o.dylib"; name = libjxl.0.11.dylib; path = deps/lib/libjxl.0.11.dylib; sourceTree = "<group>"; };
		BF41D46F2CB5F03900768330 /* liblcms2.2.dylib */ = {isa = PBXFileReference; lastKnownFileType = "compiled.mach-o.dylib"; name = liblcms2.2.dylib; path = deps/lib/liblcms2.2.dylib; sourceTree = "<group>"; };
		BF41D4702CB5F03900768330 /* libleptonica.6.dylib */ = {isa = PBXFileReference; lastKnownFileType = "compiled.mach-o.dylib"; name = libleptonica.6.dylib; path = deps/lib/libleptonica.6.dylib; sourceTree = "<group>"; };
		BF41D4712CB5F03900768330 /* liblz4.1.dylib */ = {isa = PBXFileReference; lastKnownFileType = "compiled.mach-o.dylib"; name = liblz4.1.dylib; path = deps/lib/liblz4.1.dylib; sourceTree = "<group>"; };
		BF41D4722CB5F03900768330 /* liblzma.5.dylib */ = {isa = PBXFileReference; lastKnownFileType = "compiled.mach-o.dylib"; name = liblzma.5.dylib; path = deps/lib/liblzma.5.dylib; sourceTree = "<group>"; };
		BF41D4732CB5F03900768330 /* libmbedcrypto.16.dylib */ = {isa = PBXFileReference; lastKnownFileType = "compiled.mach-o.dylib"; name = libmbedcrypto.16.dylib; path = deps/lib/libmbedcrypto.16.dylib; sourceTree = "<group>"; };
		BF41D4742CB5F03900768330 /* libmp3lame.0.dylib */ = {isa = PBXFileReference; lastKnownFileType = "compiled.mach-o.dylib"; name = libmp3lame.0.dylib; path = deps/lib/libmp3lame.0.dylib; sourceTree = "<group>"; };
		BF41D4752CB5F03900768330 /* libmpv.2.dylib */ = {isa = PBXFileReference; lastKnownFileType = "compiled.mach-o.dylib"; name = libmpv.2.dylib; path = deps/lib/libmpv.2.dylib; sourceTree = "<group>"; };
		BF41D4762CB5F03900768330 /* libnettle.8.dylib */ = {isa = PBXFileReference; lastKnownFileType = "compiled.mach-o.dylib"; name = libnettle.8.dylib; path = deps/lib/libnettle.8.dylib; sourceTree = "<group>"; };
		BF41D4772CB5F03900768330 /* libogg.0.dylib */ = {isa = PBXFileReference; lastKnownFileType = "compiled.mach-o.dylib"; name = libogg.0.dylib; path = deps/lib/libogg.0.dylib; sourceTree = "<group>"; };
		BF41D4782CB5F03900768330 /* libopencore-amrnb.0.dylib */ = {isa = PBXFileReference; lastKnownFileType = "compiled.mach-o.dylib"; name = "libopencore-amrnb.0.dylib"; path = "deps/lib/libopencore-amrnb.0.dylib"; sourceTree = "<group>"; };
		BF41D4792CB5F03900768330 /* libopencore-amrwb.0.dylib */ = {isa = PBXFileReference; lastKnownFileType = "compiled.mach-o.dylib"; name = "libopencore-amrwb.0.dylib"; path = "deps/lib/libopencore-amrwb.0.dylib"; sourceTree = "<group>"; };
		BF41D47A2CB5F03900768330 /* libopenjp2.7.dylib */ = {isa = PBXFileReference; lastKnownFileType = "compiled.mach-o.dylib"; name = libopenjp2.7.dylib; path = deps/lib/libopenjp2.7.dylib; sourceTree = "<group>"; };
		BF41D47B2CB5F03900768330 /* libopus.0.dylib */ = {isa = PBXFileReference; lastKnownFileType = "compiled.mach-o.dylib"; name = libopus.0.dylib; path = deps/lib/libopus.0.dylib; sourceTree = "<group>"; };
		BF41D47C2CB5F03900768330 /* libp11-kit.0.dylib */ = {isa = PBXFileReference; lastKnownFileType = "compiled.mach-o.dylib"; name = "libp11-kit.0.dylib"; path = "deps/lib/libp11-kit.0.dylib"; sourceTree = "<group>"; };
		BF41D47D2CB5F03900768330 /* libpcre2-8.0.dylib */ = {isa = PBXFileReference; lastKnownFileType = "compiled.mach-o.dylib"; name = "libpcre2-8.0.dylib"; path = "deps/lib/libpcre2-8.0.dylib"; sourceTree = "<group>"; };
		BF41D47E2CB5F03900768330 /* libplacebo.349.dylib */ = {isa = PBXFileReference; lastKnownFileType = "compiled.mach-o.dylib"; name = libplacebo.349.dylib; path = deps/lib/libplacebo.349.dylib; sourceTree = "<group>"; };
		BF41D47F2CB5F03900768330 /* libpng16.16.dylib */ = {isa = PBXFileReference; lastKnownFileType = "compiled.mach-o.dylib"; name = libpng16.16.dylib; path = deps/lib/libpng16.16.dylib; sourceTree = "<group>"; };
		BF41D4802CB5F03900768330 /* libpostproc.58.dylib */ = {isa = PBXFileReference; lastKnownFileType = "compiled.mach-o.dylib"; name = libpostproc.58.dylib; path = deps/lib/libpostproc.58.dylib; sourceTree = "<group>"; };
		BF41D4812CB5F03900768330 /* librav1e.0.7.dylib */ = {isa = PBXFileReference; lastKnownFileType = "compiled.mach-o.dylib"; name = librav1e.0.7.dylib; path = deps/lib/librav1e.0.7.dylib; sourceTree = "<group>"; };
		BF41D4822CB5F03900768330 /* librist.4.dylib */ = {isa = PBXFileReference; lastKnownFileType = "compiled.mach-o.dylib"; name = librist.4.dylib; path = deps/lib/librist.4.dylib; sourceTree = "<group>"; };
		BF41D4832CB5F03900768330 /* librubberband.2.dylib */ = {isa = PBXFileReference; lastKnownFileType = "compiled.mach-o.dylib"; name = librubberband.2.dylib; path = deps/lib/librubberband.2.dylib; sourceTree = "<group>"; };
		BF41D4842CB5F03900768330 /* libsamplerate.0.dylib */ = {isa = PBXFileReference; lastKnownFileType = "compiled.mach-o.dylib"; name = libsamplerate.0.dylib; path = deps/lib/libsamplerate.0.dylib; sourceTree = "<group>"; };
		BF41D4852CB5F03900768330 /* libSDL2-2.0.0.dylib */ = {isa = PBXFileReference; lastKnownFileType = "compiled.mach-o.dylib"; name = "libSDL2-2.0.0.dylib"; path = "deps/lib/libSDL2-2.0.0.dylib"; sourceTree = "<group>"; };
		BF41D4862CB5F03900768330 /* libshaderc_shared.1.dylib */ = {isa = PBXFileReference; lastKnownFileType = "compiled.mach-o.dylib"; name = libshaderc_shared.1.dylib; path = deps/lib/libshaderc_shared.1.dylib; sourceTree = "<group>"; };
		BF41D4872CB5F03900768330 /* libsharpyuv.0.dylib */ = {isa = PBXFileReference; lastKnownFileType = "compiled.mach-o.dylib"; name = libsharpyuv.0.dylib; path = deps/lib/libsharpyuv.0.dylib; sourceTree = "<group>"; };
		BF43A8542CB5F7D30027D95C /* libwebpmux.3.dylib */ = {isa = PBXFileReference; lastKnownFileType = "compiled.mach-o.dylib"; name = libwebpmux.3.dylib; path = deps/lib/libwebpmux.3.dylib; sourceTree = "<group>"; };
		BF43A8552CB5F7D30027D95C /* libx264.164.dylib */ = {isa = PBXFileReference; lastKnownFileType = "compiled.mach-o.dylib"; name = libx264.164.dylib; path = deps/lib/libx264.164.dylib; sourceTree = "<group>"; };
		BF43A8562CB5F7D30027D95C /* libssh.4.dylib */ = {isa = PBXFileReference; lastKnownFileType = "compiled.mach-o.dylib"; name = libssh.4.dylib; path = deps/lib/libssh.4.dylib; sourceTree = "<group>"; };
		BF43A8572CB5F7D30027D95C /* libxcb.1.dylib */ = {isa = PBXFileReference; lastKnownFileType = "compiled.mach-o.dylib"; name = libxcb.1.dylib; path = deps/lib/libxcb.1.dylib; sourceTree = "<group>"; };
		BF43A8582CB5F7D30027D95C /* libzmq.5.dylib */ = {isa = PBXFileReference; lastKnownFileType = "compiled.mach-o.dylib"; name = libzmq.5.dylib; path = deps/lib/libzmq.5.dylib; sourceTree = "<group>"; };
		BF43A8592CB5F7D30027D95C /* libunibreak.6.dylib */ = {isa = PBXFileReference; lastKnownFileType = "compiled.mach-o.dylib"; name = libunibreak.6.dylib; path = deps/lib/libunibreak.6.dylib; sourceTree = "<group>"; };
		BF43A85A2CB5F7D30027D95C /* libtiff.6.dylib */ = {isa = PBXFileReference; lastKnownFileType = "compiled.mach-o.dylib"; name = libtiff.6.dylib; path = deps/lib/libtiff.6.dylib; sourceTree = "<group>"; };
		BF43A85B2CB5F7D30027D95C /* libunistring.5.dylib */ = {isa = PBXFileReference; lastKnownFileType = "compiled.mach-o.dylib"; name = libunistring.5.dylib; path = deps/lib/libunistring.5.dylib; sourceTree = "<group>"; };
		BF43A85C2CB5F7D30027D95C /* libvorbisenc.2.dylib */ = {isa = PBXFileReference; lastKnownFileType = "compiled.mach-o.dylib"; name = libvorbisenc.2.dylib; path = deps/lib/libvorbisenc.2.dylib; sourceTree = "<group>"; };
		BF43A85D2CB5F7D40027D95C /* libspeex.1.dylib */ = {isa = PBXFileReference; lastKnownFileType = "compiled.mach-o.dylib"; name = libspeex.1.dylib; path = deps/lib/libspeex.1.dylib; sourceTree = "<group>"; };
		BF43A85E2CB5F7D40027D95C /* libsrt.1.5.dylib */ = {isa = PBXFileReference; lastKnownFileType = "compiled.mach-o.dylib"; name = libsrt.1.5.dylib; path = deps/lib/libsrt.1.5.dylib; sourceTree = "<group>"; };
		BF43A85F2CB5F7D40027D95C /* libtheoraenc.1.dylib */ = {isa = PBXFileReference; lastKnownFileType = "compiled.mach-o.dylib"; name = libtheoraenc.1.dylib; path = deps/lib/libtheoraenc.1.dylib; sourceTree = "<group>"; };
		BF43A8602CB5F7D40027D95C /* libXdmcp.6.dylib */ = {isa = PBXFileReference; lastKnownFileType = "compiled.mach-o.dylib"; name = libXdmcp.6.dylib; path = deps/lib/libXdmcp.6.dylib; sourceTree = "<group>"; };
		BF43A8612CB5F7D40027D95C /* libwebp.7.dylib */ = {isa = PBXFileReference; lastKnownFileType = "compiled.mach-o.dylib"; name = libwebp.7.dylib; path = deps/lib/libwebp.7.dylib; sourceTree = "<group>"; };
		BF43A8622CB5F7D40027D95C /* libxcb-shape.0.dylib */ = {isa = PBXFileReference; lastKnownFileType = "compiled.mach-o.dylib"; name = "libxcb-shape.0.dylib"; path = "deps/lib/libxcb-shape.0.dylib"; sourceTree = "<group>"; };
		BF43A8632CB5F7D40027D95C /* libx265.209.dylib */ = {isa = PBXFileReference; lastKnownFileType = "compiled.mach-o.dylib"; name = libx265.209.dylib; path = deps/lib/libx265.209.dylib; sourceTree = "<group>"; };
		BF43A8642CB5F7D40027D95C /* libswresample.5.dylib */ = {isa = PBXFileReference; lastKnownFileType = "compiled.mach-o.dylib"; name = libswresample.5.dylib; path = deps/lib/libswresample.5.dylib; sourceTree = "<group>"; };
		BF43A8652CB5F7D40027D95C /* libxcb-shm.0.dylib */ = {isa = PBXFileReference; lastKnownFileType = "compiled.mach-o.dylib"; name = "libxcb-shm.0.dylib"; path = "deps/lib/libxcb-shm.0.dylib"; sourceTree = "<group>"; };
		BF43A8662CB5F7D40027D95C /* libvidstab.1.2.dylib */ = {isa = PBXFileReference; lastKnownFileType = "compiled.mach-o.dylib"; name = libvidstab.1.2.dylib; path = deps/lib/libvidstab.1.2.dylib; sourceTree = "<group>"; };
		BF43A8672CB5F7D40027D95C /* libsodium.26.dylib */ = {isa = PBXFileReference; lastKnownFileType = "compiled.mach-o.dylib"; name = libsodium.26.dylib; path = deps/lib/libsodium.26.dylib; sourceTree = "<group>"; };
		BF43A8682CB5F7D40027D95C /* libsoxr.0.dylib */ = {isa = PBXFileReference; lastKnownFileType = "compiled.mach-o.dylib"; name = libsoxr.0.dylib; path = deps/lib/libsoxr.0.dylib; sourceTree = "<group>"; };
		BF43A8692CB5F7D40027D95C /* libtasn1.6.dylib */ = {isa = PBXFileReference; lastKnownFileType = "compiled.mach-o.dylib"; name = libtasn1.6.dylib; path = deps/lib/libtasn1.6.dylib; sourceTree = "<group>"; };
		BF43A86A2CB5F7D40027D95C /* libvpx.8.dylib */ = {isa = PBXFileReference; lastKnownFileType = "compiled.mach-o.dylib"; name = libvpx.8.dylib; path = deps/lib/libvpx.8.dylib; sourceTree = "<group>"; };
		BF43A86B2CB5F7D40027D95C /* libxcb-xfixes.0.dylib */ = {isa = PBXFileReference; lastKnownFileType = "compiled.mach-o.dylib"; name = "libxcb-xfixes.0.dylib"; path = "deps/lib/libxcb-xfixes.0.dylib"; sourceTree = "<group>"; };
		BF43A86C2CB5F7D40027D95C /* libXau.6.dylib */ = {isa = PBXFileReference; lastKnownFileType = "compiled.mach-o.dylib"; name = libXau.6.dylib; path = deps/lib/libXau.6.dylib; sourceTree = "<group>"; };
		BF43A86D2CB5F7D40027D95C /* libtesseract.5.dylib */ = {isa = PBXFileReference; lastKnownFileType = "compiled.mach-o.dylib"; name = libtesseract.5.dylib; path = deps/lib/libtesseract.5.dylib; sourceTree = "<group>"; };
		BF43A86E2CB5F7D40027D95C /* libzimg.2.dylib */ = {isa = PBXFileReference; lastKnownFileType = "compiled.mach-o.dylib"; name = libzimg.2.dylib; path = deps/lib/libzimg.2.dylib; sourceTree = "<group>"; };
		BF43A86F2CB5F7D40027D95C /* libsnappy.1.dylib */ = {isa = PBXFileReference; lastKnownFileType = "compiled.mach-o.dylib"; name = libsnappy.1.dylib; path = deps/lib/libsnappy.1.dylib; sourceTree = "<group>"; };
		BF43A8702CB5F7D40027D95C /* libvmaf.3.dylib */ = {isa = PBXFileReference; lastKnownFileType = "compiled.mach-o.dylib"; name = libvmaf.3.dylib; path = deps/lib/libvmaf.3.dylib; sourceTree = "<group>"; };
		BF43A8712CB5F7D40027D95C /* libssl.3.dylib */ = {isa = PBXFileReference; lastKnownFileType = "compiled.mach-o.dylib"; name = libssl.3.dylib; path = deps/lib/libssl.3.dylib; sourceTree = "<group>"; };
		BF43A8722CB5F7D40027D95C /* libswscale.8.dylib */ = {isa = PBXFileReference; lastKnownFileType = "compiled.mach-o.dylib"; name = libswscale.8.dylib; path = deps/lib/libswscale.8.dylib; sourceTree = "<group>"; };
		BF43A8732CB5F7D40027D95C /* libX11.6.dylib */ = {isa = PBXFileReference; lastKnownFileType = "compiled.mach-o.dylib"; name = libX11.6.dylib; path = deps/lib/libX11.6.dylib; sourceTree = "<group>"; };
		BF43A8742CB5F7D40027D95C /* libvorbis.0.dylib */ = {isa = PBXFileReference; lastKnownFileType = "compiled.mach-o.dylib"; name = libvorbis.0.dylib; path = deps/lib/libvorbis.0.dylib; sourceTree = "<group>"; };
		BF43A8752CB5F7D40027D95C /* libzstd.1.dylib */ = {isa = PBXFileReference; lastKnownFileType = "compiled.mach-o.dylib"; name = libzstd.1.dylib; path = deps/lib/libzstd.1.dylib; sourceTree = "<group>"; };
		BF43A8762CB5F7D40027D95C /* libSvtAv1Enc.2.dylib */ = {isa = PBXFileReference; lastKnownFileType = "compiled.mach-o.dylib"; name = libSvtAv1Enc.2.dylib; path = deps/lib/libSvtAv1Enc.2.dylib; sourceTree = "<group>"; };
		BF43A8772CB5F7D40027D95C /* libtheoradec.1.dylib */ = {isa = PBXFileReference; lastKnownFileType = "compiled.mach-o.dylib"; name = libtheoradec.1.dylib; path = deps/lib/libtheoradec.1.dylib; sourceTree = "<group>"; };
		BF43A8782CB5F7D50027D95C /* libvulkan.1.dylib */ = {isa = PBXFileReference; lastKnownFileType = "compiled.mach-o.dylib"; name = libvulkan.1.dylib; path = deps/lib/libvulkan.1.dylib; sourceTree = "<group>"; };
		BF43A8792CB5F7D50027D95C /* libuchardet.0.dylib */ = {isa = PBXFileReference; lastKnownFileType = "compiled.mach-o.dylib"; name = libuchardet.0.dylib; path = deps/lib/libuchardet.0.dylib; sourceTree = "<group>"; };
		BF9A1C902CB67A0E00FCEA2B /* libmpv.2.dylib */ = {isa = PBXFileReference; lastKnownFileType = "compiled.mach-o.dylib"; name = libmpv.2.dylib; path = ../../../../../opt/homebrew/Cellar/mpv/0.39.0/lib/libmpv.2.dylib; sourceTree = "<group>"; };
		BFB4B9FC2CB5BB4600E88C32 /* MusicPlayer.app */ = {isa = PBXFileReference; explicitFileType = wrapper.application; includeInIndex = 0; path = MusicPlayer.app; sourceTree = BUILT_PRODUCTS_DIR; };
		BFB4BA102CB5BEA200E88C32 /* MusicPlayerFFI.xcframework */ = {isa = PBXFileReference; lastKnownFileType = wrapper.xcframework; name = MusicPlayerFFI.xcframework; path = "music-player-ffi/target/MusicPlayerFFI.xcframework"; sourceTree = "<group>"; };
/* End PBXFileReference section */

/* Begin PBXFileSystemSynchronizedBuildFileExceptionSet section */
		BF5FA9082CB733F600F8F94A /* Exceptions for "MusicPlayer" folder in "MusicPlayer" target */ = {
			isa = PBXFileSystemSynchronizedBuildFileExceptionSet;
			membershipExceptions = (
				Info.plist,
			);
			target = BFB4B9FB2CB5BB4600E88C32 /* MusicPlayer */;
		};
/* End PBXFileSystemSynchronizedBuildFileExceptionSet section */

/* Begin PBXFileSystemSynchronizedRootGroup section */
		BFB4B9FE2CB5BB4600E88C32 /* MusicPlayer */ = {
			isa = PBXFileSystemSynchronizedRootGroup;
			exceptions = (
				BF5FA9082CB733F600F8F94A /* Exceptions for "MusicPlayer" folder in "MusicPlayer" target */,
			);
			path = MusicPlayer;
			sourceTree = "<group>";
		};
/* End PBXFileSystemSynchronizedRootGroup section */

/* Begin PBXFrameworksBuildPhase section */
		BFB4B9F92CB5BB4600E88C32 /* Frameworks */ = {
			isa = PBXFrameworksBuildPhase;
			buildActionMask = 2147483647;
			files = (
				BFA5AED52CB6EC3A008B6FB8 /* MusicPlayerFFI.xcframework in Frameworks */,
				BF9A1C922CB67B1C00FCEA2B /* libaom.3.dylib in Frameworks */,
				BF9A1C932CB67B1C00FCEA2B /* libarchive.13.dylib in Frameworks */,
				BF9A1C942CB67B1C00FCEA2B /* libaribb24.0.dylib in Frameworks */,
				BF9A1C952CB67B1C00FCEA2B /* libass.9.dylib in Frameworks */,
				BF9A1C962CB67B1C00FCEA2B /* libavcodec.61.dylib in Frameworks */,
				BF9A1C972CB67B1C00FCEA2B /* libavdevice.61.dylib in Frameworks */,
				BF9A1C982CB67B1C00FCEA2B /* libavfilter.10.dylib in Frameworks */,
				BF9A1C992CB67B1C00FCEA2B /* libavformat.61.dylib in Frameworks */,
				BF9A1C9A2CB67B1C00FCEA2B /* libavutil.59.dylib in Frameworks */,
				BF9A1C9B2CB67B1C00FCEA2B /* libb2.1.dylib in Frameworks */,
				BF9A1C9C2CB67B1C00FCEA2B /* libbluray.2.dylib in Frameworks */,
				BF9A1C9D2CB67B1C00FCEA2B /* libbrotlicommon.1.dylib in Frameworks */,
				BF9A1C9E2CB67B1C00FCEA2B /* libbrotlidec.1.dylib in Frameworks */,
				BF9A1C9F2CB67B1C00FCEA2B /* libbrotlienc.1.dylib in Frameworks */,
				BF9A1CA02CB67B1C00FCEA2B /* libcjson.1.dylib in Frameworks */,
				BF9A1CA12CB67B1C00FCEA2B /* libcrypto.3.dylib in Frameworks */,
				BF9A1CA22CB67B1C00FCEA2B /* libdav1d.7.dylib in Frameworks */,
				BF9A1CA32CB67B1C00FCEA2B /* libfontconfig.1.dylib in Frameworks */,
				BF9A1CA42CB67B1C00FCEA2B /* libfreetype.6.dylib in Frameworks */,
				BF9A1CA52CB67B1C00FCEA2B /* libfribidi.0.dylib in Frameworks */,
				BF9A1CA62CB67B1C00FCEA2B /* libgif.dylib in Frameworks */,
				BF9A1CA72CB67B1C00FCEA2B /* libglib-2.0.0.dylib in Frameworks */,
				BF9A1CA82CB67B1C00FCEA2B /* libgmp.10.dylib in Frameworks */,
				BF9A1CA92CB67B1C00FCEA2B /* libgnutls.30.dylib in Frameworks */,
				BF9A1CAA2CB67B1C00FCEA2B /* libgraphite2.3.dylib in Frameworks */,
				BF9A1CAB2CB67B1C00FCEA2B /* libharfbuzz.0.dylib in Frameworks */,
				BF9A1CAC2CB67B1C00FCEA2B /* libhogweed.6.dylib in Frameworks */,
				BF9A1CAD2CB67B1C00FCEA2B /* libhwy.1.dylib in Frameworks */,
				BF9A1CAE2CB67B1C00FCEA2B /* libidn2.0.dylib in Frameworks */,
				BF9A1CAF2CB67B1C00FCEA2B /* libintl.8.dylib in Frameworks */,
				BF9A1CB02CB67B1C00FCEA2B /* libjpeg.8.dylib in Frameworks */,
				BF9A1CB12CB67B1C00FCEA2B /* libjxl_cms.0.11.dylib in Frameworks */,
				BF9A1CB22CB67B1C00FCEA2B /* libjxl_threads.0.11.dylib in Frameworks */,
				BF9A1CB32CB67B1C00FCEA2B /* libjxl.0.11.dylib in Frameworks */,
				BF9A1CB42CB67B1C00FCEA2B /* liblcms2.2.dylib in Frameworks */,
				BF9A1CB52CB67B1C00FCEA2B /* libleptonica.6.dylib in Frameworks */,
				BF9A1CB62CB67B1C00FCEA2B /* liblz4.1.dylib in Frameworks */,
				BF9A1CB72CB67B1C00FCEA2B /* liblzma.5.dylib in Frameworks */,
				BF9A1CB82CB67B1C00FCEA2B /* libmbedcrypto.16.dylib in Frameworks */,
				BF9A1CB92CB67B1C00FCEA2B /* libmp3lame.0.dylib in Frameworks */,
				BF9A1CBA2CB67B1C00FCEA2B /* libmpv.2.dylib in Frameworks */,
				BF9A1CBB2CB67B1C00FCEA2B /* libnettle.8.dylib in Frameworks */,
				BF9A1CBC2CB67B1C00FCEA2B /* libogg.0.dylib in Frameworks */,
				BF9A1CBD2CB67B1C00FCEA2B /* libopencore-amrnb.0.dylib in Frameworks */,
				BF9A1CBE2CB67B1C00FCEA2B /* libopencore-amrwb.0.dylib in Frameworks */,
				BF9A1CBF2CB67B1C00FCEA2B /* libopenjp2.7.dylib in Frameworks */,
				BF9A1CC02CB67B1C00FCEA2B /* libopus.0.dylib in Frameworks */,
				BF9A1CC12CB67B1C00FCEA2B /* libp11-kit.0.dylib in Frameworks */,
				BF9A1CC22CB67B1C00FCEA2B /* libpcre2-8.0.dylib in Frameworks */,
				BF9A1CC32CB67B1C00FCEA2B /* libplacebo.349.dylib in Frameworks */,
				BF5FA90B2CB7355500F8F94A /* BTree in Frameworks */,
				BF9A1CC42CB67B1C00FCEA2B /* libpng16.16.dylib in Frameworks */,
				BF9A1CC52CB67B1C00FCEA2B /* libpostproc.58.dylib in Frameworks */,
				BF9A1CC62CB67B1C00FCEA2B /* librav1e.0.7.dylib in Frameworks */,
				BF9A1CC72CB67B1C00FCEA2B /* librist.4.dylib in Frameworks */,
				BF9A1CC82CB67B1C00FCEA2B /* librubberband.2.dylib in Frameworks */,
				BF9A1CC92CB67B1C00FCEA2B /* libsamplerate.0.dylib in Frameworks */,
				BF9A1CCA2CB67B1C00FCEA2B /* libSDL2-2.0.0.dylib in Frameworks */,
				BF9A1CCB2CB67B1C00FCEA2B /* libshaderc_shared.1.dylib in Frameworks */,
				BF9A1CCC2CB67B1C00FCEA2B /* libsharpyuv.0.dylib in Frameworks */,
				BF9A1CCD2CB67B1C00FCEA2B /* libsnappy.1.dylib in Frameworks */,
				BF9A1CCE2CB67B1C00FCEA2B /* libsodium.26.dylib in Frameworks */,
				BF9A1CCF2CB67B1C00FCEA2B /* libsoxr.0.dylib in Frameworks */,
				BF9A1CD02CB67B1C00FCEA2B /* libspeex.1.dylib in Frameworks */,
				BF9A1CD12CB67B1C00FCEA2B /* libsrt.1.5.dylib in Frameworks */,
				BF9A1CD22CB67B1C00FCEA2B /* libssh.4.dylib in Frameworks */,
				BF9A1CD32CB67B1C00FCEA2B /* libssl.3.dylib in Frameworks */,
				BF9A1CD42CB67B1C00FCEA2B /* libSvtAv1Enc.2.dylib in Frameworks */,
				BF9A1CD52CB67B1C00FCEA2B /* libswresample.5.dylib in Frameworks */,
				BF9A1CD62CB67B1C00FCEA2B /* libswscale.8.dylib in Frameworks */,
				BF9A1CD72CB67B1C00FCEA2B /* libtasn1.6.dylib in Frameworks */,
				BF9A1CD82CB67B1C00FCEA2B /* libtesseract.5.dylib in Frameworks */,
				BF9A1CD92CB67B1C00FCEA2B /* libtheoradec.1.dylib in Frameworks */,
				BF9A1CDA2CB67B1C00FCEA2B /* libtheoraenc.1.dylib in Frameworks */,
				BF9A1CDB2CB67B1C00FCEA2B /* libtiff.6.dylib in Frameworks */,
				BF9A1CDC2CB67B1C00FCEA2B /* libuchardet.0.dylib in Frameworks */,
				BF9A1CDD2CB67B1C00FCEA2B /* libunibreak.6.dylib in Frameworks */,
				BF9A1CDE2CB67B1C00FCEA2B /* libunistring.5.dylib in Frameworks */,
				BF9A1CDF2CB67B1C00FCEA2B /* libvidstab.1.2.dylib in Frameworks */,
				BF9A1CE02CB67B1C00FCEA2B /* libvmaf.3.dylib in Frameworks */,
				BF9A1CE12CB67B1C00FCEA2B /* libvorbis.0.dylib in Frameworks */,
				BF9A1CE22CB67B1C00FCEA2B /* libvorbisenc.2.dylib in Frameworks */,
				BF9A1CE32CB67B1C00FCEA2B /* libvpx.8.dylib in Frameworks */,
				BF9A1CE42CB67B1C00FCEA2B /* libvulkan.1.dylib in Frameworks */,
				BF9A1CE52CB67B1C00FCEA2B /* libwebp.7.dylib in Frameworks */,
				BF9A1CE62CB67B1C00FCEA2B /* libwebpmux.3.dylib in Frameworks */,
				BF9A1CE72CB67B1C00FCEA2B /* libX11.6.dylib in Frameworks */,
				BF9A1CE82CB67B1C00FCEA2B /* libx264.164.dylib in Frameworks */,
				BF9A1CE92CB67B1C00FCEA2B /* libx265.209.dylib in Frameworks */,
				BF9A1CEA2CB67B1C00FCEA2B /* libXau.6.dylib in Frameworks */,
				BF9A1CEB2CB67B1C00FCEA2B /* libxcb-shape.0.dylib in Frameworks */,
				BF9A1CEC2CB67B1C00FCEA2B /* libxcb-shm.0.dylib in Frameworks */,
				BF9A1CED2CB67B1C00FCEA2B /* libxcb-xfixes.0.dylib in Frameworks */,
				BF9A1CEE2CB67B1C00FCEA2B /* libxcb.1.dylib in Frameworks */,
				BF9A1CEF2CB67B1C00FCEA2B /* libXdmcp.6.dylib in Frameworks */,
				BF9A1CF02CB67B1C00FCEA2B /* libzimg.2.dylib in Frameworks */,
				BF9A1CF12CB67B1C00FCEA2B /* libzmq.5.dylib in Frameworks */,
				BF9A1CF22CB67B1C00FCEA2B /* libzstd.1.dylib in Frameworks */,
				BFB4BA262CB5BF2600E88C32 /* GRDB in Frameworks */,
			);
			runOnlyForDeploymentPostprocessing = 0;
		};
/* End PBXFrameworksBuildPhase section */

/* Begin PBXGroup section */
		BFB4B9F32CB5BB4600E88C32 = {
			isa = PBXGroup;
			children = (
				BFB4B9FE2CB5BB4600E88C32 /* MusicPlayer */,
				BFB4BA0F2CB5BEA200E88C32 /* Frameworks */,
				BFB4B9FD2CB5BB4600E88C32 /* Products */,
			);
			sourceTree = "<group>";
		};
		BFB4B9FD2CB5BB4600E88C32 /* Products */ = {
			isa = PBXGroup;
			children = (
				BFB4B9FC2CB5BB4600E88C32 /* MusicPlayer.app */,
			);
			name = Products;
			sourceTree = "<group>";
		};
		BFB4BA0F2CB5BEA200E88C32 /* Frameworks */ = {
			isa = PBXGroup;
			children = (
				BF9A1C902CB67A0E00FCEA2B /* libmpv.2.dylib */,
				BF43A86F2CB5F7D40027D95C /* libsnappy.1.dylib */,
				BF43A8672CB5F7D40027D95C /* libsodium.26.dylib */,
				BF43A8682CB5F7D40027D95C /* libsoxr.0.dylib */,
				BF43A85D2CB5F7D40027D95C /* libspeex.1.dylib */,
				BF43A85E2CB5F7D40027D95C /* libsrt.1.5.dylib */,
				BF43A8562CB5F7D30027D95C /* libssh.4.dylib */,
				BF43A8712CB5F7D40027D95C /* libssl.3.dylib */,
				BF43A8762CB5F7D40027D95C /* libSvtAv1Enc.2.dylib */,
				BF43A8642CB5F7D40027D95C /* libswresample.5.dylib */,
				BF43A8722CB5F7D40027D95C /* libswscale.8.dylib */,
				BF43A8692CB5F7D40027D95C /* libtasn1.6.dylib */,
				BF43A86D2CB5F7D40027D95C /* libtesseract.5.dylib */,
				BF43A8772CB5F7D40027D95C /* libtheoradec.1.dylib */,
				BF43A85F2CB5F7D40027D95C /* libtheoraenc.1.dylib */,
				BF43A85A2CB5F7D30027D95C /* libtiff.6.dylib */,
				BF43A8792CB5F7D50027D95C /* libuchardet.0.dylib */,
				BF43A8592CB5F7D30027D95C /* libunibreak.6.dylib */,
				BF43A85B2CB5F7D30027D95C /* libunistring.5.dylib */,
				BF43A8662CB5F7D40027D95C /* libvidstab.1.2.dylib */,
				BF43A8702CB5F7D40027D95C /* libvmaf.3.dylib */,
				BF43A8742CB5F7D40027D95C /* libvorbis.0.dylib */,
				BF43A85C2CB5F7D30027D95C /* libvorbisenc.2.dylib */,
				BF43A86A2CB5F7D40027D95C /* libvpx.8.dylib */,
				BF43A8782CB5F7D50027D95C /* libvulkan.1.dylib */,
				BF43A8612CB5F7D40027D95C /* libwebp.7.dylib */,
				BF43A8542CB5F7D30027D95C /* libwebpmux.3.dylib */,
				BF43A8732CB5F7D40027D95C /* libX11.6.dylib */,
				BF43A8552CB5F7D30027D95C /* libx264.164.dylib */,
				BF43A8632CB5F7D40027D95C /* libx265.209.dylib */,
				BF43A86C2CB5F7D40027D95C /* libXau.6.dylib */,
				BF43A8622CB5F7D40027D95C /* libxcb-shape.0.dylib */,
				BF43A8652CB5F7D40027D95C /* libxcb-shm.0.dylib */,
				BF43A86B2CB5F7D40027D95C /* libxcb-xfixes.0.dylib */,
				BF43A8572CB5F7D30027D95C /* libxcb.1.dylib */,
				BF43A8602CB5F7D40027D95C /* libXdmcp.6.dylib */,
				BF43A86E2CB5F7D40027D95C /* libzimg.2.dylib */,
				BF43A8582CB5F7D30027D95C /* libzmq.5.dylib */,
				BF43A8752CB5F7D40027D95C /* libzstd.1.dylib */,
				BF41D44D2CB5F03900768330 /* libaom.3.dylib */,
				BF41D44E2CB5F03900768330 /* libarchive.13.dylib */,
				BF41D44F2CB5F03900768330 /* libaribb24.0.dylib */,
				BF41D4502CB5F03900768330 /* libass.9.dylib */,
				BF41D4512CB5F03900768330 /* libavcodec.61.dylib */,
				BF41D4522CB5F03900768330 /* libavdevice.61.dylib */,
				BF41D4532CB5F03900768330 /* libavfilter.10.dylib */,
				BF41D4542CB5F03900768330 /* libavformat.61.dylib */,
				BF41D4552CB5F03900768330 /* libavutil.59.dylib */,
				BF41D4562CB5F03900768330 /* libb2.1.dylib */,
				BF41D4572CB5F03900768330 /* libbluray.2.dylib */,
				BF41D4582CB5F03900768330 /* libbrotlicommon.1.dylib */,
				BF41D4592CB5F03900768330 /* libbrotlidec.1.dylib */,
				BF41D45A2CB5F03900768330 /* libbrotlienc.1.dylib */,
				BF41D45B2CB5F03900768330 /* libcjson.1.dylib */,
				BF41D45C2CB5F03900768330 /* libcrypto.3.dylib */,
				BF41D45D2CB5F03900768330 /* libdav1d.7.dylib */,
				BF41D45E2CB5F03900768330 /* libfontconfig.1.dylib */,
				BF41D45F2CB5F03900768330 /* libfreetype.6.dylib */,
				BF41D4602CB5F03900768330 /* libfribidi.0.dylib */,
				BF41D4612CB5F03900768330 /* libgif.dylib */,
				BF41D4622CB5F03900768330 /* libglib-2.0.0.dylib */,
				BF41D4632CB5F03900768330 /* libgmp.10.dylib */,
				BF41D4642CB5F03900768330 /* libgnutls.30.dylib */,
				BF41D4652CB5F03900768330 /* libgraphite2.3.dylib */,
				BF41D4662CB5F03900768330 /* libharfbuzz.0.dylib */,
				BF41D4672CB5F03900768330 /* libhogweed.6.dylib */,
				BF41D4682CB5F03900768330 /* libhwy.1.dylib */,
				BF41D4692CB5F03900768330 /* libidn2.0.dylib */,
				BF41D46A2CB5F03900768330 /* libintl.8.dylib */,
				BF41D46B2CB5F03900768330 /* libjpeg.8.dylib */,
				BF41D46C2CB5F03900768330 /* libjxl_cms.0.11.dylib */,
				BF41D46D2CB5F03900768330 /* libjxl_threads.0.11.dylib */,
				BF41D46E2CB5F03900768330 /* libjxl.0.11.dylib */,
				BF41D46F2CB5F03900768330 /* liblcms2.2.dylib */,
				BF41D4702CB5F03900768330 /* libleptonica.6.dylib */,
				BF41D4712CB5F03900768330 /* liblz4.1.dylib */,
				BF41D4722CB5F03900768330 /* liblzma.5.dylib */,
				BF41D4732CB5F03900768330 /* libmbedcrypto.16.dylib */,
				BF41D4742CB5F03900768330 /* libmp3lame.0.dylib */,
				BF41D4752CB5F03900768330 /* libmpv.2.dylib */,
				BF41D4762CB5F03900768330 /* libnettle.8.dylib */,
				BF41D4772CB5F03900768330 /* libogg.0.dylib */,
				BF41D4782CB5F03900768330 /* libopencore-amrnb.0.dylib */,
				BF41D4792CB5F03900768330 /* libopencore-amrwb.0.dylib */,
				BF41D47A2CB5F03900768330 /* libopenjp2.7.dylib */,
				BF41D47B2CB5F03900768330 /* libopus.0.dylib */,
				BF41D47C2CB5F03900768330 /* libp11-kit.0.dylib */,
				BF41D47D2CB5F03900768330 /* libpcre2-8.0.dylib */,
				BF41D47E2CB5F03900768330 /* libplacebo.349.dylib */,
				BF41D47F2CB5F03900768330 /* libpng16.16.dylib */,
				BF41D4802CB5F03900768330 /* libpostproc.58.dylib */,
				BF41D4812CB5F03900768330 /* librav1e.0.7.dylib */,
				BF41D4822CB5F03900768330 /* librist.4.dylib */,
				BF41D4832CB5F03900768330 /* librubberband.2.dylib */,
				BF41D4842CB5F03900768330 /* libsamplerate.0.dylib */,
				BF41D4852CB5F03900768330 /* libSDL2-2.0.0.dylib */,
				BF41D4862CB5F03900768330 /* libshaderc_shared.1.dylib */,
				BF41D4872CB5F03900768330 /* libsharpyuv.0.dylib */,
				BFB4BA102CB5BEA200E88C32 /* MusicPlayerFFI.xcframework */,
			);
			name = Frameworks;
			sourceTree = "<group>";
		};
/* End PBXGroup section */

/* Begin PBXNativeTarget section */
		BFB4B9FB2CB5BB4600E88C32 /* MusicPlayer */ = {
			isa = PBXNativeTarget;
			buildConfigurationList = BFB4BA0B2CB5BB4600E88C32 /* Build configuration list for PBXNativeTarget "MusicPlayer" */;
			buildPhases = (
				BFB4B9F82CB5BB4600E88C32 /* Sources */,
				BFB4B9F92CB5BB4600E88C32 /* Frameworks */,
				BFB4B9FA2CB5BB4600E88C32 /* Resources */,
				BFB4BA0E2CB5BC3900E88C32 /* Build Rust */,
				BF41D4C32CB5F1A200768330 /* Copy Dylibs */,
				BF43A8162CB5F2B20027D95C /* Copy Dylib Symlinks */,
			);
			buildRules = (
			);
			dependencies = (
			);
			fileSystemSynchronizedGroups = (
				BFB4B9FE2CB5BB4600E88C32 /* MusicPlayer */,
			);
			name = MusicPlayer;
			packageProductDependencies = (
				BFB4BA252CB5BF2600E88C32 /* GRDB */,
				BF5FA90A2CB7355500F8F94A /* BTree */,
			);
			productName = MusicPlayer;
			productReference = BFB4B9FC2CB5BB4600E88C32 /* MusicPlayer.app */;
			productType = "com.apple.product-type.application";
		};
/* End PBXNativeTarget section */

/* Begin PBXProject section */
		BFB4B9F42CB5BB4600E88C32 /* Project object */ = {
			isa = PBXProject;
			attributes = {
				BuildIndependentTargetsInParallel = 1;
				KnownAssetTags = (
					New,
				);
				LastSwiftUpdateCheck = 1600;
				LastUpgradeCheck = 1600;
				TargetAttributes = {
					BFB4B9FB2CB5BB4600E88C32 = {
						CreatedOnToolsVersion = 16.0;
					};
				};
			};
			buildConfigurationList = BFB4B9F72CB5BB4600E88C32 /* Build configuration list for PBXProject "MusicPlayer" */;
			developmentRegion = en;
			hasScannedForEncodings = 0;
			knownRegions = (
				en,
				Base,
			);
			mainGroup = BFB4B9F32CB5BB4600E88C32;
			minimizedProjectReferenceProxies = 1;
			packageReferences = (
				BFB4BA242CB5BF2600E88C32 /* XCRemoteSwiftPackageReference "GRDB.swift" */,
				BF5FA9092CB7355500F8F94A /* XCRemoteSwiftPackageReference "BTree" */,
			);
			preferredProjectObjectVersion = 77;
			productRefGroup = BFB4B9FD2CB5BB4600E88C32 /* Products */;
			projectDirPath = "";
			projectRoot = "";
			targets = (
				BFB4B9FB2CB5BB4600E88C32 /* MusicPlayer */,
			);
		};
/* End PBXProject section */

/* Begin PBXResourcesBuildPhase section */
		BFB4B9FA2CB5BB4600E88C32 /* Resources */ = {
			isa = PBXResourcesBuildPhase;
			buildActionMask = 2147483647;
			files = (
			);
			runOnlyForDeploymentPostprocessing = 0;
		};
/* End PBXResourcesBuildPhase section */

/* Begin PBXShellScriptBuildPhase section */
		BF43A8162CB5F2B20027D95C /* Copy Dylib Symlinks */ = {
			isa = PBXShellScriptBuildPhase;
			alwaysOutOfDate = 1;
			buildActionMask = 2147483647;
			files = (
			);
			inputFileListPaths = (
			);
			inputPaths = (
			);
			name = "Copy Dylib Symlinks";
			outputFileListPaths = (
			);
			outputPaths = (
			);
			runOnlyForDeploymentPostprocessing = 0;
			shellPath = /bin/sh;
			shellScript = "# Type a script or drag a script file from your workspace to insert its path.\n#echo \"Copy symlinks:\"\n\nfor file in \"${SRCROOT}/deps/lib/\"*.dylib; do\n    if [[ -h \"$file\" ]]; then\n        cp -R $file \"${TARGET_BUILD_DIR}/${FRAMEWORKS_FOLDER_PATH}/$(basename $file)\"\n    fi\ndone\n";
		};
		BFB4BA0E2CB5BC3900E88C32 /* Build Rust */ = {
			isa = PBXShellScriptBuildPhase;
			alwaysOutOfDate = 1;
			buildActionMask = 2147483647;
			files = (
			);
			inputFileListPaths = (
			);
			inputPaths = (
			);
			name = "Build Rust";
			outputFileListPaths = (
			);
			outputPaths = (
			);
			runOnlyForDeploymentPostprocessing = 0;
			shellPath = /bin/sh;
			shellScript = "# Type a script or drag a script file from your workspace to insert its path.\necho \"Building Rust library\"\ncd \"music-player-ffi\"\nbash ./build-framework.sh\n";
		};
/* End PBXShellScriptBuildPhase section */

/* Begin PBXSourcesBuildPhase section */
		BFB4B9F82CB5BB4600E88C32 /* Sources */ = {
			isa = PBXSourcesBuildPhase;
			buildActionMask = 2147483647;
			files = (
			);
			runOnlyForDeploymentPostprocessing = 0;
		};
/* End PBXSourcesBuildPhase section */

/* Begin XCBuildConfiguration section */
		BFB4BA092CB5BB4600E88C32 /* Debug */ = {
			isa = XCBuildConfiguration;
			baseConfigurationReferenceAnchor = BFB4B9FE2CB5BB4600E88C32 /* MusicPlayer */;
			baseConfigurationReferenceRelativePath = Config.xcconfig;
			buildSettings = {
				ALWAYS_SEARCH_USER_PATHS = NO;
				ASSETCATALOG_COMPILER_GENERATE_SWIFT_ASSET_SYMBOL_EXTENSIONS = YES;
				CLANG_ANALYZER_NONNULL = YES;
				CLANG_ANALYZER_NUMBER_OBJECT_CONVERSION = YES_AGGRESSIVE;
				CLANG_CXX_LANGUAGE_STANDARD = "gnu++20";
				CLANG_ENABLE_MODULES = YES;
				CLANG_ENABLE_OBJC_ARC = YES;
				CLANG_ENABLE_OBJC_WEAK = YES;
				CLANG_WARN_BLOCK_CAPTURE_AUTORELEASING = YES;
				CLANG_WARN_BOOL_CONVERSION = YES;
				CLANG_WARN_COMMA = YES;
				CLANG_WARN_CONSTANT_CONVERSION = YES;
				CLANG_WARN_DEPRECATED_OBJC_IMPLEMENTATIONS = YES;
				CLANG_WARN_DIRECT_OBJC_ISA_USAGE = YES_ERROR;
				CLANG_WARN_DOCUMENTATION_COMMENTS = YES;
				CLANG_WARN_EMPTY_BODY = YES;
				CLANG_WARN_ENUM_CONVERSION = YES;
				CLANG_WARN_INFINITE_RECURSION = YES;
				CLANG_WARN_INT_CONVERSION = YES;
				CLANG_WARN_NON_LITERAL_NULL_CONVERSION = YES;
				CLANG_WARN_OBJC_IMPLICIT_RETAIN_SELF = YES;
				CLANG_WARN_OBJC_LITERAL_CONVERSION = YES;
				CLANG_WARN_OBJC_ROOT_CLASS = YES_ERROR;
				CLANG_WARN_QUOTED_INCLUDE_IN_FRAMEWORK_HEADER = YES;
				CLANG_WARN_RANGE_LOOP_ANALYSIS = YES;
				CLANG_WARN_STRICT_PROTOTYPES = YES;
				CLANG_WARN_SUSPICIOUS_MOVE = YES;
				CLANG_WARN_UNGUARDED_AVAILABILITY = YES_AGGRESSIVE;
				CLANG_WARN_UNREACHABLE_CODE = YES;
				CLANG_WARN__DUPLICATE_METHOD_MATCH = YES;
				COPY_PHASE_STRIP = NO;
				DEBUG_INFORMATION_FORMAT = dwarf;
				ENABLE_STRICT_OBJC_MSGSEND = YES;
				ENABLE_TESTABILITY = YES;
				ENABLE_USER_SCRIPT_SANDBOXING = YES;
				GCC_C_LANGUAGE_STANDARD = gnu17;
				GCC_DYNAMIC_NO_PIC = NO;
				GCC_NO_COMMON_BLOCKS = YES;
				GCC_OPTIMIZATION_LEVEL = 0;
				GCC_PREPROCESSOR_DEFINITIONS = (
					"DEBUG=1",
					"$(inherited)",
				);
				GCC_WARN_64_TO_32_BIT_CONVERSION = YES;
				GCC_WARN_ABOUT_RETURN_TYPE = YES_ERROR;
				GCC_WARN_UNDECLARED_SELECTOR = YES;
				GCC_WARN_UNINITIALIZED_AUTOS = YES_AGGRESSIVE;
				GCC_WARN_UNUSED_FUNCTION = YES;
				GCC_WARN_UNUSED_VARIABLE = YES;
				LOCALIZATION_PREFERS_STRING_CATALOGS = YES;
				MACOSX_DEPLOYMENT_TARGET = 15.0;
				MTL_ENABLE_DEBUG_INFO = INCLUDE_SOURCE;
				MTL_FAST_MATH = YES;
				ONLY_ACTIVE_ARCH = YES;
				SDKROOT = macosx;
				SWIFT_ACTIVE_COMPILATION_CONDITIONS = "DEBUG $(inherited)";
				SWIFT_OPTIMIZATION_LEVEL = "-Onone";
				SWIFT_VERSION = 6.0;
			};
			name = Debug;
		};
		BFB4BA0A2CB5BB4600E88C32 /* Release */ = {
			isa = XCBuildConfiguration;
			baseConfigurationReferenceAnchor = BFB4B9FE2CB5BB4600E88C32 /* MusicPlayer */;
			baseConfigurationReferenceRelativePath = Config.xcconfig;
			buildSettings = {
				ALWAYS_SEARCH_USER_PATHS = NO;
				ASSETCATALOG_COMPILER_GENERATE_SWIFT_ASSET_SYMBOL_EXTENSIONS = YES;
				CLANG_ANALYZER_NONNULL = YES;
				CLANG_ANALYZER_NUMBER_OBJECT_CONVERSION = YES_AGGRESSIVE;
				CLANG_CXX_LANGUAGE_STANDARD = "gnu++20";
				CLANG_ENABLE_MODULES = YES;
				CLANG_ENABLE_OBJC_ARC = YES;
				CLANG_ENABLE_OBJC_WEAK = YES;
				CLANG_WARN_BLOCK_CAPTURE_AUTORELEASING = YES;
				CLANG_WARN_BOOL_CONVERSION = YES;
				CLANG_WARN_COMMA = YES;
				CLANG_WARN_CONSTANT_CONVERSION = YES;
				CLANG_WARN_DEPRECATED_OBJC_IMPLEMENTATIONS = YES;
				CLANG_WARN_DIRECT_OBJC_ISA_USAGE = YES_ERROR;
				CLANG_WARN_DOCUMENTATION_COMMENTS = YES;
				CLANG_WARN_EMPTY_BODY = YES;
				CLANG_WARN_ENUM_CONVERSION = YES;
				CLANG_WARN_INFINITE_RECURSION = YES;
				CLANG_WARN_INT_CONVERSION = YES;
				CLANG_WARN_NON_LITERAL_NULL_CONVERSION = YES;
				CLANG_WARN_OBJC_IMPLICIT_RETAIN_SELF = YES;
				CLANG_WARN_OBJC_LITERAL_CONVERSION = YES;
				CLANG_WARN_OBJC_ROOT_CLASS = YES_ERROR;
				CLANG_WARN_QUOTED_INCLUDE_IN_FRAMEWORK_HEADER = YES;
				CLANG_WARN_RANGE_LOOP_ANALYSIS = YES;
				CLANG_WARN_STRICT_PROTOTYPES = YES;
				CLANG_WARN_SUSPICIOUS_MOVE = YES;
				CLANG_WARN_UNGUARDED_AVAILABILITY = YES_AGGRESSIVE;
				CLANG_WARN_UNREACHABLE_CODE = YES;
				CLANG_WARN__DUPLICATE_METHOD_MATCH = YES;
				COPY_PHASE_STRIP = NO;
				DEBUG_INFORMATION_FORMAT = "dwarf-with-dsym";
				ENABLE_NS_ASSERTIONS = NO;
				ENABLE_STRICT_OBJC_MSGSEND = YES;
				ENABLE_USER_SCRIPT_SANDBOXING = YES;
				GCC_C_LANGUAGE_STANDARD = gnu17;
				GCC_NO_COMMON_BLOCKS = YES;
				GCC_WARN_64_TO_32_BIT_CONVERSION = YES;
				GCC_WARN_ABOUT_RETURN_TYPE = YES_ERROR;
				GCC_WARN_UNDECLARED_SELECTOR = YES;
				GCC_WARN_UNINITIALIZED_AUTOS = YES_AGGRESSIVE;
				GCC_WARN_UNUSED_FUNCTION = YES;
				GCC_WARN_UNUSED_VARIABLE = YES;
				LOCALIZATION_PREFERS_STRING_CATALOGS = YES;
				MACOSX_DEPLOYMENT_TARGET = 15.0;
				MTL_ENABLE_DEBUG_INFO = NO;
				MTL_FAST_MATH = YES;
				SDKROOT = macosx;
				SWIFT_COMPILATION_MODE = wholemodule;
				SWIFT_VERSION = 6.0;
			};
			name = Release;
		};
		BFB4BA0C2CB5BB4600E88C32 /* Debug */ = {
			isa = XCBuildConfiguration;
			baseConfigurationReferenceAnchor = BFB4B9FE2CB5BB4600E88C32 /* MusicPlayer */;
			baseConfigurationReferenceRelativePath = Config.xcconfig;
			buildSettings = {
				ARCHS = arm64;
				ASSETCATALOG_COMPILER_APPICON_NAME = AppIcon;
				ASSETCATALOG_COMPILER_GLOBAL_ACCENT_COLOR_NAME = AccentColor;
				CLANG_ANALYZER_GCD_PERFORMANCE = YES;
				CLANG_ANALYZER_SECURITY_FLOATLOOPCOUNTER = YES;
				CLANG_TIDY_BUGPRONE_REDUNDANT_BRANCH_CONDITION = YES;
				CLANG_TIDY_MISC_REDUNDANT_EXPRESSION = YES;
				CODE_SIGN_ENTITLEMENTS = MusicPlayer/MusicPlayer.entitlements;
				CODE_SIGN_STYLE = Automatic;
				COMBINE_HIDPI_IMAGES = YES;
				CURRENT_PROJECT_VERSION = 1;
				DEVELOPMENT_ASSET_PATHS = "\"MusicPlayer/Preview Content\"";
				DOCC_ENABLE_CXX_SUPPORT = NO;
				ENABLE_HARDENED_RUNTIME = YES;
				ENABLE_PREVIEWS = YES;
				ENABLE_USER_SCRIPT_SANDBOXING = NO;
				FRAMEWORK_SEARCH_PATHS = "$(SYSTEM_LIBRARY_DIR)/PrivateFrameworks";
				GENERATE_INFOPLIST_FILE = YES;
				HEADER_SEARCH_PATHS = "$(PROJECT_DIR)/deps/include";
				INFOPLIST_FILE = MusicPlayer/Info.plist;
				INFOPLIST_KEY_CFBundleDisplayName = "Music Player";
				INFOPLIST_KEY_LSApplicationCategoryType = "public.app-category.music";
				INFOPLIST_KEY_NSHumanReadableCopyright = "";
				LD_RUNPATH_SEARCH_PATHS = (
					"$(inherited)",
					"@executable_path/../Frameworks",
				);
				LIBRARY_SEARCH_PATHS = (
					"$(inherited)",
					"$(PROJECT_DIR)/deps/lib",
				);
				MARKETING_VERSION = 1.0;
				PRODUCT_BUNDLE_IDENTIFIER = com.github.huanie.MusicPlayer;
				PRODUCT_NAME = "$(TARGET_NAME)";
				SWIFT_EMIT_LOC_STRINGS = YES;
				SWIFT_OBJC_BRIDGING_HEADER = "$(TARGET_NAME)/$(TARGET_NAME)-Bridging-Header.h";
				SWIFT_VERSION = 6.0;
			};
			name = Debug;
		};
		BFB4BA0D2CB5BB4600E88C32 /* Release */ = {
			isa = XCBuildConfiguration;
			baseConfigurationReferenceAnchor = BFB4B9FE2CB5BB4600E88C32 /* MusicPlayer */;
			baseConfigurationReferenceRelativePath = Config.xcconfig;
			buildSettings = {
				ARCHS = arm64;
				ASSETCATALOG_COMPILER_APPICON_NAME = AppIcon;
				ASSETCATALOG_COMPILER_GLOBAL_ACCENT_COLOR_NAME = AccentColor;
				CLANG_ANALYZER_GCD_PERFORMANCE = YES;
				CLANG_ANALYZER_SECURITY_FLOATLOOPCOUNTER = YES;
				CLANG_TIDY_BUGPRONE_REDUNDANT_BRANCH_CONDITION = YES;
				CLANG_TIDY_MISC_REDUNDANT_EXPRESSION = YES;
				CODE_SIGN_ENTITLEMENTS = MusicPlayer/MusicPlayer.entitlements;
				CODE_SIGN_STYLE = Automatic;
				COMBINE_HIDPI_IMAGES = YES;
				CURRENT_PROJECT_VERSION = 1;
				DEVELOPMENT_ASSET_PATHS = "\"MusicPlayer/Preview Content\"";
				DOCC_ENABLE_CXX_SUPPORT = NO;
				ENABLE_HARDENED_RUNTIME = YES;
				ENABLE_PREVIEWS = YES;
				ENABLE_USER_SCRIPT_SANDBOXING = NO;
				FRAMEWORK_SEARCH_PATHS = "$(SYSTEM_LIBRARY_DIR)/PrivateFrameworks";
				GENERATE_INFOPLIST_FILE = YES;
				HEADER_SEARCH_PATHS = "$(PROJECT_DIR)/deps/include";
				INFOPLIST_FILE = MusicPlayer/Info.plist;
				INFOPLIST_KEY_CFBundleDisplayName = "Music Player";
				INFOPLIST_KEY_LSApplicationCategoryType = "public.app-category.music";
				INFOPLIST_KEY_NSHumanReadableCopyright = "";
				LD_RUNPATH_SEARCH_PATHS = (
					"$(inherited)",
					"@executable_path/../Frameworks",
				);
				LIBRARY_SEARCH_PATHS = (
					"$(inherited)",
					"$(PROJECT_DIR)/deps/lib",
				);
				MARKETING_VERSION = 1.0;
				PRODUCT_BUNDLE_IDENTIFIER = com.github.huanie.MusicPlayer;
				PRODUCT_NAME = "$(TARGET_NAME)";
				SWIFT_EMIT_LOC_STRINGS = YES;
				SWIFT_OBJC_BRIDGING_HEADER = "$(TARGET_NAME)/$(TARGET_NAME)-Bridging-Header.h";
				SWIFT_VERSION = 6.0;
			};
			name = Release;
		};
/* End XCBuildConfiguration section */

/* Begin XCConfigurationList section */
		BFB4B9F72CB5BB4600E88C32 /* Build configuration list for PBXProject "MusicPlayer" */ = {
			isa = XCConfigurationList;
			buildConfigurations = (
				BFB4BA092CB5BB4600E88C32 /* Debug */,
				BFB4BA0A2CB5BB4600E88C32 /* Release */,
			);
			defaultConfigurationIsVisible = 0;
			defaultConfigurationName = Release;
		};
		BFB4BA0B2CB5BB4600E88C32 /* Build configuration list for PBXNativeTarget "MusicPlayer" */ = {
			isa = XCConfigurationList;
			buildConfigurations = (
				BFB4BA0C2CB5BB4600E88C32 /* Debug */,
				BFB4BA0D2CB5BB4600E88C32 /* Release */,
			);
			defaultConfigurationIsVisible = 0;
			defaultConfigurationName = Release;
		};
/* End XCConfigurationList section */

/* Begin XCRemoteSwiftPackageReference section */
		BF5FA9092CB7355500F8F94A /* XCRemoteSwiftPackageReference "BTree" */ = {
			isa = XCRemoteSwiftPackageReference;
			repositoryURL = "https://github.com/attaswift/BTree.git";
			requirement = {
				branch = master;
				kind = branch;
			};
		};
		BFB4BA242CB5BF2600E88C32 /* XCRemoteSwiftPackageReference "GRDB.swift" */ = {
			isa = XCRemoteSwiftPackageReference;
			repositoryURL = "https://github.com/groue/GRDB.swift.git";
			requirement = {
				branch = master;
				kind = branch;
			};
		};
/* End XCRemoteSwiftPackageReference section */

/* Begin XCSwiftPackageProductDependency section */
		BF5FA90A2CB7355500F8F94A /* BTree */ = {
			isa = XCSwiftPackageProductDependency;
			package = BF5FA9092CB7355500F8F94A /* XCRemoteSwiftPackageReference "BTree" */;
			productName = BTree;
		};
		BFB4BA252CB5BF2600E88C32 /* GRDB */ = {
			isa = XCSwiftPackageProductDependency;
			package = BFB4BA242CB5BF2600E88C32 /* XCRemoteSwiftPackageReference "GRDB.swift" */;
			productName = GRDB;
		};
/* End XCSwiftPackageProductDependency section */
	};
	rootObject = BFB4B9F42CB5BB4600E88C32 /* Project object */;
}
