{
  "originHash" : "17a14b91e8c88b661d00950576b614da148a729d8d67d359b22396318ff5c37c",
  "pins" : [
    {
      "identity" : "btree",
      "kind" : "remoteSourceControl",
      "location" : "https://github.com/attaswift/BTree.git",
      "state" : {
        "branch" : "master",
        "revision" : "407fda73e18cc9df9130453ee36f73408c22408f"
      }
    },
    {
      "identity" : "grdb.swift",
      "kind" : "remoteSourceControl",
      "location" : "https://github.com/groue/GRDB.swift.git",
      "state" : {
        "branch" : "master",
        "revision" : "bccf312af65b59e67b40d63afd89e46e0d3fae61"
      }
    }
  ],
  "version" : 3
}
